{
  "name": "create-vite-plugin-ssr",
  "version": "0.0.38",
  "lockfileVersion": 2,
  "requires": true,
  "packages": {
    "": {
      "name": "create-vite-plugin-ssr",
      "version": "0.0.38",
      "license": "MIT",
      "dependencies": {
        "enquirer": "^2.3.6",
        "kolorist": "^1.4.1",
        "minimist": "^1.2.5"
      },
      "bin": {
        "create-vite-plugin-ssr": "index.js"
      },
      "engines": {
        "node": ">=12.0.0"
      }
    },
    "node_modules/ansi-colors": {
      "version": "4.1.1",
      "resolved": "https://registry.npmjs.org/ansi-colors/-/ansi-colors-4.1.1.tgz",
      "integrity": "sha512-JoX0apGbHaUJBNl6yF+p6JAFYZ666/hhCGKN5t9QFjbJQKUU/g8MNbFDbvfrgKXvI1QpZplPOnwIo99lX/AAmA==",
      "engines": {
        "node": ">=6"
      }
    },
    "node_modules/enquirer": {
      "version": "2.3.6",
      "resolved": "https://registry.npmjs.org/enquirer/-/enquirer-2.3.6.tgz",
      "integrity": "sha512-yjNnPr315/FjS4zIsUxYguYUPP2e1NK4d7E7ZOLiyYCcbFBiTMyID+2wvm2w6+pZ/odMA7cRkjhsPbltwBOrLg==",
      "dependencies": {
        "ansi-colors": "^4.1.1"
      },
      "engines": {
        "node": ">=8.6"
      }
    },
    "node_modules/kolorist": {
      "version": "1.4.1",
      "resolved": "https://registry.npmjs.org/kolorist/-/kolorist-1.4.1.tgz",
      "integrity": "sha512-jucnNxW4qfamxkbT4hCLRk/WyAQD/aS0KIkY8z5VoQI5K9QF65nj7vTeuFcySO7eibxPQwVWM+mby1Hm9TyokQ=="
    },
    "node_modules/minimist": {
      "version": "1.2.5",
      "resolved": "https://registry.npmjs.org/minimist/-/minimist-1.2.5.tgz",
      "integrity": "sha512-FM9nNUYrRBAELZQT3xeZQ7fmMOBg6nWNmJKTcgsJeaLstP/UODVpGsr5OhXhhXg6f+qtJ8uiZ+PUxkDWcgIXLw=="
    }
  },
  "dependencies": {
    "ansi-colors": {
      "version": "4.1.1",
      "resolved": "https://registry.npmjs.org/ansi-colors/-/ansi-colors-4.1.1.tgz",
      "integrity": "sha512-JoX0apGbHaUJBNl6yF+p6JAFYZ666/hhCGKN5t9QFjbJQKUU/g8MNbFDbvfrgKXvI1QpZplPOnwIo99lX/AAmA=="
    },
    "enquirer": {
      "version": "2.3.6",
      "resolved": "https://registry.npmjs.org/enquirer/-/enquirer-2.3.6.tgz",
      "integrity": "sha512-yjNnPr315/FjS4zIsUxYguYUPP2e1NK4d7E7ZOLiyYCcbFBiTMyID+2wvm2w6+pZ/odMA7cRkjhsPbltwBOrLg==",
      "requires": {
        "ansi-colors": "^4.1.1"
      }
    },
    "kolorist": {
      "version": "1.4.1",
      "resolved": "https://registry.npmjs.org/kolorist/-/kolorist-1.4.1.tgz",
      "integrity": "sha512-jucnNxW4qfamxkbT4hCLRk/WyAQD/aS0KIkY8z5VoQI5K9QF65nj7vTeuFcySO7eibxPQwVWM+mby1Hm9TyokQ=="
    },
    "minimist": {
      "version": "1.2.5",
      "resolved": "https://registry.npmjs.org/minimist/-/minimist-1.2.5.tgz",
      "integrity": "sha512-FM9nNUYrRBAELZQT3xeZQ7fmMOBg6nWNmJKTcgsJeaLstP/UODVpGsr5OhXhhXg6f+qtJ8uiZ+PUxkDWcgIXLw=="
    }
  }
}
