{
  "name": "vite-plugin-ssr",
  "lockfileVersion": 2,
  "requires": true,
  "packages": {
    "": {
      "workspaces": [
        "src/"
      ],
      "devDependencies": {
        "@types/es-module-lexer": "^0.3.0",
        "concurrently": "^5.3.0",
        "es-module-lexer": "^0.3.26"
      }
    },
    "node_modules/@brillout/libassert": {
      "version": "0.2.2"
    },
    "node_modules/@types/body-parser": {
      "version": "1.19.0",
      "dev": true,
      "license": "MIT",
      "dependencies": {
        "@types/connect": "*",
        "@types/node": "*"
      }
    },
    "node_modules/@types/connect": {
      "version": "3.4.34",
      "dev": true,
      "license": "MIT",
      "dependencies": {
        "@types/node": "*"
      }
    },
    "node_modules/@types/es-module-lexer": {
      "version": "0.3.0",
      "dev": true,
      "license": "MIT"
    },
    "node_modules/@types/express": {
      "version": "4.17.11",
      "dev": true,
      "license": "MIT",
      "dependencies": {
        "@types/body-parser": "*",
        "@types/express-serve-static-core": "^4.17.18",
        "@types/qs": "*",
        "@types/serve-static": "*"
      }
    },
    "node_modules/@types/express-serve-static-core": {
      "version": "4.17.18",
      "dev": true,
      "license": "MIT",
      "dependencies": {
        "@types/node": "*",
        "@types/qs": "*",
        "@types/range-parser": "*"
      }
    },
    "node_modules/@types/mime": {
      "version": "1.3.2",
      "dev": true,
      "license": "MIT"
    },
    "node_modules/@types/node": {
      "version": "14.14.25",
      "dev": true,
      "license": "MIT"
    },
    "node_modules/@types/qs": {
      "version": "6.9.5",
      "dev": true,
      "license": "MIT"
    },
    "node_modules/@types/range-parser": {
      "version": "1.2.3",
      "dev": true,
      "license": "MIT"
    },
    "node_modules/@types/serve-static": {
      "version": "1.13.9",
      "dev": true,
      "license": "MIT",
      "dependencies": {
        "@types/mime": "^1",
        "@types/node": "*"
      }
    },
    "node_modules/ansi-regex": {
      "version": "4.1.0",
      "dev": true,
      "license": "MIT",
      "engines": {
        "node": ">=6"
      }
    },
    "node_modules/ansi-styles": {
      "version": "3.2.1",
      "dev": true,
      "license": "MIT",
      "dependencies": {
        "color-convert": "^1.9.0"
      },
      "engines": {
        "node": ">=4"
      }
    },
    "node_modules/camelcase": {
      "version": "5.3.1",
      "dev": true,
      "license": "MIT",
      "engines": {
        "node": ">=6"
      }
    },
    "node_modules/chalk": {
      "version": "2.4.2",
      "dev": true,
      "license": "MIT",
      "dependencies": {
        "ansi-styles": "^3.2.1",
        "escape-string-regexp": "^1.0.5",
        "supports-color": "^5.3.0"
      },
      "engines": {
        "node": ">=4"
      }
    },
    "node_modules/chalk/node_modules/supports-color": {
      "version": "5.5.0",
      "dev": true,
      "license": "MIT",
      "dependencies": {
        "has-flag": "^3.0.0"
      },
      "engines": {
        "node": ">=4"
      }
    },
    "node_modules/cliui": {
      "version": "5.0.0",
      "dev": true,
      "license": "ISC",
      "dependencies": {
        "string-width": "^3.1.0",
        "strip-ansi": "^5.2.0",
        "wrap-ansi": "^5.1.0"
      }
    },
    "node_modules/color-convert": {
      "version": "1.9.3",
      "dev": true,
      "license": "MIT",
      "dependencies": {
        "color-name": "1.1.3"
      }
    },
    "node_modules/color-name": {
      "version": "1.1.3",
      "dev": true,
      "license": "MIT"
    },
    "node_modules/colorette": {
      "version": "1.2.1",
      "dev": true,
      "license": "MIT"
    },
    "node_modules/concurrently": {
      "version": "5.3.0",
      "dev": true,
      "license": "MIT",
      "dependencies": {
        "chalk": "^2.4.2",
        "date-fns": "^2.0.1",
        "lodash": "^4.17.15",
        "read-pkg": "^4.0.1",
        "rxjs": "^6.5.2",
        "spawn-command": "^0.0.2-1",
        "supports-color": "^6.1.0",
        "tree-kill": "^1.2.2",
        "yargs": "^13.3.0"
      },
      "bin": {
        "concurrently": "bin/concurrently.js"
      },
      "engines": {
        "node": ">=6.0.0"
      }
    },
    "node_modules/date-fns": {
      "dev": true
    },
    "node_modules/decamelize": {
      "version": "1.2.0",
      "dev": true,
      "license": "MIT",
      "engines": {
        "node": ">=0.10.0"
      }
    },
    "node_modules/emoji-regex": {
      "version": "7.0.3",
      "dev": true,
      "license": "MIT"
    },
    "node_modules/error-ex": {
      "version": "1.3.2",
      "dev": true,
      "license": "MIT",
      "dependencies": {
        "is-arrayish": "^0.2.1"
      }
    },
    "node_modules/es-module-lexer": {
      "version": "0.3.26",
      "dev": true,
      "license": "MIT"
    },
    "node_modules/esbuild": {
      "version": "0.8.43",
      "dev": true,
      "hasInstallScript": true,
      "license": "MIT",
      "bin": {
        "esbuild": "bin/esbuild"
      }
    },
    "node_modules/escape-string-regexp": {
      "version": "1.0.5",
      "dev": true,
      "license": "MIT",
      "engines": {
        "node": ">=0.8.0"
      }
    },
    "node_modules/find-up": {
      "version": "3.0.0",
      "dev": true,
      "license": "MIT",
      "dependencies": {
        "locate-path": "^3.0.0"
      },
      "engines": {
        "node": ">=6"
      }
    },
    "node_modules/fsevents": {
      "version": "2.3.2",
      "extraneous": true,
      "license": "MIT",
      "os": [
        "darwin"
      ],
      "engines": {
        "node": "^8.16.0 || ^10.6.0 || >=11.0.0"
      }
    },
    "node_modules/function-bind": {
      "version": "1.1.1",
      "dev": true,
      "license": "MIT"
    },
    "node_modules/get-caller-file": {
      "version": "2.0.5",
      "dev": true,
      "license": "ISC",
      "engines": {
        "node": "6.* || 8.* || >= 10.*"
      }
    },
    "node_modules/has": {
      "version": "1.0.3",
      "dev": true,
      "license": "MIT",
      "dependencies": {
        "function-bind": "^1.1.1"
      },
      "engines": {
        "node": ">= 0.4.0"
      }
    },
    "node_modules/has-flag": {
      "version": "3.0.0",
      "dev": true,
      "license": "MIT",
      "engines": {
        "node": ">=4"
      }
    },
    "node_modules/hosted-git-info": {
      "version": "2.8.8",
      "dev": true,
      "license": "ISC"
    },
    "node_modules/is-arrayish": {
      "version": "0.2.1",
      "dev": true,
      "license": "MIT"
    },
    "node_modules/is-core-module": {
      "version": "2.2.0",
      "dev": true,
      "license": "MIT",
      "dependencies": {
        "has": "^1.0.3"
      },
      "funding": {
        "url": "https://github.com/sponsors/ljharb"
      }
    },
    "node_modules/is-fullwidth-code-point": {
      "version": "2.0.0",
      "dev": true,
      "license": "MIT",
      "engines": {
        "node": ">=4"
      }
    },
    "node_modules/json-parse-better-errors": {
      "version": "1.0.2",
      "dev": true,
      "license": "MIT"
    },
    "node_modules/locate-path": {
      "version": "3.0.0",
      "dev": true,
      "license": "MIT",
      "dependencies": {
        "p-locate": "^3.0.0",
        "path-exists": "^3.0.0"
      },
      "engines": {
        "node": ">=6"
      }
    },
    "node_modules/lodash": {
      "dev": true
    },
    "node_modules/nanoid": {
      "version": "3.1.20",
      "dev": true,
      "license": "MIT",
      "bin": {
        "nanoid": "bin/nanoid.cjs"
      },
      "engines": {
        "node": "^10 || ^12 || ^13.7 || ^14 || >=15.0.1"
      }
    },
    "node_modules/normalize-package-data": {
      "version": "2.5.0",
      "dev": true,
      "license": "BSD-2-Clause",
      "dependencies": {
        "hosted-git-info": "^2.1.4",
        "resolve": "^1.10.0",
        "semver": "2 || 3 || 4 || 5",
        "validate-npm-package-license": "^3.0.1"
      }
    },
    "node_modules/p-limit": {
      "version": "2.3.0",
      "dev": true,
      "license": "MIT",
      "dependencies": {
        "p-try": "^2.0.0"
      },
      "engines": {
        "node": ">=6"
      },
      "funding": {
        "url": "https://github.com/sponsors/sindresorhus"
      }
    },
    "node_modules/p-locate": {
      "version": "3.0.0",
      "dev": true,
      "license": "MIT",
      "dependencies": {
        "p-limit": "^2.0.0"
      },
      "engines": {
        "node": ">=6"
      }
    },
    "node_modules/p-try": {
      "version": "2.2.0",
      "dev": true,
      "license": "MIT",
      "engines": {
        "node": ">=6"
      }
    },
    "node_modules/parse-json": {
      "version": "4.0.0",
      "dev": true,
      "license": "MIT",
      "dependencies": {
        "error-ex": "^1.3.1",
        "json-parse-better-errors": "^1.0.1"
      },
      "engines": {
        "node": ">=4"
      }
    },
    "node_modules/path-exists": {
      "version": "3.0.0",
      "dev": true,
      "license": "MIT",
      "engines": {
        "node": ">=4"
      }
    },
    "node_modules/path-parse": {
      "version": "1.0.6",
      "dev": true,
      "license": "MIT"
    },
    "node_modules/pify": {
      "version": "3.0.0",
      "dev": true,
      "license": "MIT",
      "engines": {
        "node": ">=4"
      }
    },
    "node_modules/postcss": {
      "version": "8.2.5",
      "dev": true,
      "license": "MIT",
      "dependencies": {
        "colorette": "^1.2.1",
        "nanoid": "^3.1.20",
        "source-map": "^0.6.1"
      },
      "engines": {
        "node": "^10 || ^12 || >=14"
      },
      "funding": {
        "type": "opencollective",
        "url": "https://opencollective.com/postcss/"
      }
    },
    "node_modules/read-pkg": {
      "version": "4.0.1",
      "dev": true,
      "license": "MIT",
      "dependencies": {
        "normalize-package-data": "^2.3.2",
        "parse-json": "^4.0.0",
        "pify": "^3.0.0"
      },
      "engines": {
        "node": ">=6"
      }
    },
    "node_modules/require-directory": {
      "version": "2.1.1",
      "dev": true,
      "license": "MIT",
      "engines": {
        "node": ">=0.10.0"
      }
    },
    "node_modules/require-main-filename": {
      "version": "2.0.0",
      "dev": true,
      "license": "ISC"
    },
    "node_modules/resolve": {
      "version": "1.19.0",
      "dev": true,
      "license": "MIT",
      "dependencies": {
        "is-core-module": "^2.1.0",
        "path-parse": "^1.0.6"
      },
      "funding": {
        "url": "https://github.com/sponsors/ljharb"
      }
    },
    "node_modules/rollup": {
      "version": "2.38.5",
      "dev": true,
      "license": "MIT",
      "dependencies": {
        "fsevents": "~2.3.1"
      },
      "bin": {
        "rollup": "dist/bin/rollup"
      },
      "engines": {
        "node": ">=10.0.0"
      },
      "optionalDependencies": {
        "fsevents": "~2.3.1"
      }
    },
    "node_modules/rxjs": {
      "dev": true
    },
    "node_modules/semver": {
      "version": "5.7.1",
      "dev": true,
      "license": "ISC",
      "bin": {
        "semver": "bin/semver"
      }
    },
    "node_modules/set-blocking": {
      "version": "2.0.0",
      "dev": true,
      "license": "ISC"
    },
    "node_modules/source-map": {
      "version": "0.6.1",
      "dev": true,
      "license": "BSD-3-Clause",
      "engines": {
        "node": ">=0.10.0"
      }
    },
    "node_modules/spawn-command": {
      "version": "0.0.2-1",
      "dev": true,
      "license": "MIT"
    },
    "node_modules/spdx-correct": {
      "version": "3.1.1",
      "dev": true,
      "license": "Apache-2.0",
      "dependencies": {
        "spdx-expression-parse": "^3.0.0",
        "spdx-license-ids": "^3.0.0"
      }
    },
    "node_modules/spdx-exceptions": {
      "version": "2.3.0",
      "dev": true,
      "license": "CC-BY-3.0"
    },
    "node_modules/spdx-expression-parse": {
      "version": "3.0.1",
      "dev": true,
      "license": "MIT",
      "dependencies": {
        "spdx-exceptions": "^2.1.0",
        "spdx-license-ids": "^3.0.0"
      }
    },
    "node_modules/spdx-license-ids": {
      "version": "3.0.7",
      "dev": true,
      "license": "CC0-1.0"
    },
    "node_modules/string-width": {
      "version": "3.1.0",
      "dev": true,
      "license": "MIT",
      "dependencies": {
        "emoji-regex": "^7.0.1",
        "is-fullwidth-code-point": "^2.0.0",
        "strip-ansi": "^5.1.0"
      },
      "engines": {
        "node": ">=6"
      }
    },
    "node_modules/strip-ansi": {
      "version": "5.2.0",
      "dev": true,
      "license": "MIT",
      "dependencies": {
        "ansi-regex": "^4.1.0"
      },
      "engines": {
        "node": ">=6"
      }
    },
    "node_modules/supports-color": {
      "version": "6.1.0",
      "dev": true,
      "license": "MIT",
      "dependencies": {
        "has-flag": "^3.0.0"
      },
      "engines": {
        "node": ">=6"
      }
    },
    "node_modules/tree-kill": {
      "version": "1.2.2",
      "dev": true,
      "license": "MIT",
      "bin": {
        "tree-kill": "cli.js"
      }
    },
    "node_modules/tslib": {
      "version": "1.14.1",
      "extraneous": true,
      "license": "0BSD"
    },
    "node_modules/typescript": {
      "version": "4.1.4",
      "dev": true,
      "license": "Apache-2.0",
      "bin": {
        "tsc": "bin/tsc",
        "tsserver": "bin/tsserver"
      },
      "engines": {
        "node": ">=4.2.0"
      }
    },
    "node_modules/validate-npm-package-license": {
      "version": "3.0.4",
      "dev": true,
      "license": "Apache-2.0",
      "dependencies": {
        "spdx-correct": "^3.0.0",
        "spdx-expression-parse": "^3.0.0"
      }
    },
    "node_modules/vite": {
      "version": "2.0.0-beta.67",
      "dev": true,
      "license": "MIT",
      "dependencies": {
        "esbuild": "^0.8.34",
        "fsevents": "~2.3.1",
        "postcss": "^8.2.1",
        "resolve": "^1.19.0",
        "rollup": "^2.38.5"
      },
      "bin": {
        "vite": "bin/vite.js"
      },
      "engines": {
        "node": ">=12.0.0"
      },
      "optionalDependencies": {
        "fsevents": "~2.3.1"
      }
    },
    "node_modules/vite-plugin-ssr": {
      "resolved": "src",
      "link": true
    },
    "node_modules/which-module": {
      "version": "2.0.0",
      "dev": true,
      "license": "ISC"
    },
    "node_modules/wrap-ansi": {
      "version": "5.1.0",
      "dev": true,
      "license": "MIT",
      "dependencies": {
        "ansi-styles": "^3.2.0",
        "string-width": "^3.0.0",
        "strip-ansi": "^5.0.0"
      },
      "engines": {
        "node": ">=6"
      }
    },
    "node_modules/y18n": {
      "version": "4.0.1",
      "dev": true,
      "license": "ISC"
    },
    "node_modules/yargs": {
      "version": "13.3.2",
      "dev": true,
      "license": "MIT",
      "dependencies": {
        "cliui": "^5.0.0",
        "find-up": "^3.0.0",
        "get-caller-file": "^2.0.1",
        "require-directory": "^2.1.1",
        "require-main-filename": "^2.0.0",
        "set-blocking": "^2.0.0",
        "string-width": "^3.0.0",
        "which-module": "^2.0.0",
        "y18n": "^4.0.0",
        "yargs-parser": "^13.1.2"
      }
    },
    "node_modules/yargs-parser": {
      "version": "13.1.2",
      "dev": true,
      "license": "ISC",
      "dependencies": {
        "camelcase": "^5.0.0",
        "decamelize": "^1.2.0"
      }
    },
    "src": {
      "name": "vite-plugin-ssr",
      "version": "0.1.0-beta.1",
      "license": "MIT",
      "dependencies": {
        "@brillout/libassert": "^0.2.2"
      },
      "devDependencies": {
        "@types/express": "^4.17.11",
        "@types/node": "^14.14.22",
        "es-module-lexer": "^0.3.26",
        "typescript": "^4.1.3",
        "vite": "2.0.0-beta.67"
      },
      "peerDependencies": {
        "vite": "*"
      }
    }
  },
  "dependencies": {
    "@brillout/libassert": {
      "version": "0.2.2"
    },
    "@types/body-parser": {
      "version": "1.19.0",
      "dev": true,
      "requires": {
        "@types/connect": "*",
        "@types/node": "*"
      }
    },
    "@types/connect": {
      "version": "3.4.34",
      "dev": true,
      "requires": {
        "@types/node": "*"
      }
    },
    "@types/es-module-lexer": {
      "version": "0.3.0",
      "dev": true
    },
    "@types/express": {
      "version": "4.17.11",
      "dev": true,
      "requires": {
        "@types/body-parser": "*",
        "@types/express-serve-static-core": "^4.17.18",
        "@types/qs": "*",
        "@types/serve-static": "*"
      }
    },
    "@types/express-serve-static-core": {
      "version": "4.17.18",
      "dev": true,
      "requires": {
        "@types/node": "*",
        "@types/qs": "*",
        "@types/range-parser": "*"
      }
    },
    "@types/mime": {
      "version": "1.3.2",
      "dev": true
    },
    "@types/node": {
      "version": "14.14.25",
      "dev": true
    },
    "@types/qs": {
      "version": "6.9.5",
      "dev": true
    },
    "@types/range-parser": {
      "version": "1.2.3",
      "dev": true
    },
    "@types/serve-static": {
      "version": "1.13.9",
      "dev": true,
      "requires": {
        "@types/mime": "^1",
        "@types/node": "*"
      }
    },
    "ansi-regex": {
      "version": "4.1.0",
      "dev": true
    },
    "ansi-styles": {
      "version": "3.2.1",
      "dev": true,
      "requires": {
        "color-convert": "^1.9.0"
      }
    },
    "camelcase": {
      "version": "5.3.1",
      "dev": true
    },
    "chalk": {
      "version": "2.4.2",
      "dev": true,
      "requires": {
        "ansi-styles": "^3.2.1",
        "escape-string-regexp": "^1.0.5",
        "supports-color": "^5.3.0"
      },
      "dependencies": {
        "supports-color": {
          "version": "5.5.0",
          "dev": true,
          "requires": {
            "has-flag": "^3.0.0"
          }
        }
      }
    },
    "cliui": {
      "version": "5.0.0",
      "dev": true,
      "requires": {
        "string-width": "^3.1.0",
        "strip-ansi": "^5.2.0",
        "wrap-ansi": "^5.1.0"
      }
    },
    "color-convert": {
      "version": "1.9.3",
      "dev": true,
      "requires": {
        "color-name": "1.1.3"
      }
    },
    "color-name": {
      "version": "1.1.3",
      "dev": true
    },
    "colorette": {
      "version": "1.2.1",
      "dev": true
    },
    "concurrently": {
      "version": "5.3.0",
      "dev": true,
      "requires": {
        "chalk": "^2.4.2",
        "date-fns": "^2.0.1",
        "lodash": "^4.17.15",
        "read-pkg": "^4.0.1",
        "rxjs": "^6.5.2",
        "spawn-command": "^0.0.2-1",
        "supports-color": "^6.1.0",
        "tree-kill": "^1.2.2",
        "yargs": "^13.3.0"
      }
    },
    "date-fns": {
      "dev": true
    },
    "decamelize": {
      "version": "1.2.0",
      "dev": true
    },
    "emoji-regex": {
      "version": "7.0.3",
      "dev": true
    },
    "error-ex": {
      "version": "1.3.2",
      "dev": true,
      "requires": {
        "is-arrayish": "^0.2.1"
      }
    },
    "es-module-lexer": {
      "version": "0.3.26",
      "dev": true
    },
    "esbuild": {
      "version": "0.8.43",
      "dev": true
    },
    "escape-string-regexp": {
      "version": "1.0.5",
      "dev": true
    },
    "find-up": {
      "version": "3.0.0",
      "dev": true,
      "requires": {
        "locate-path": "^3.0.0"
      }
    },
    "fsevents": {
      "version": "2.3.2",
      "extraneous": true
    },
    "function-bind": {
      "version": "1.1.1",
      "dev": true
    },
    "get-caller-file": {
      "version": "2.0.5",
      "dev": true
    },
    "has": {
      "version": "1.0.3",
      "dev": true,
      "requires": {
        "function-bind": "^1.1.1"
      }
    },
    "has-flag": {
      "version": "3.0.0",
      "dev": true
    },
    "hosted-git-info": {
      "version": "2.8.8",
      "dev": true
    },
    "is-arrayish": {
      "version": "0.2.1",
      "dev": true
    },
    "is-core-module": {
      "version": "2.2.0",
      "dev": true,
      "requires": {
        "has": "^1.0.3"
      }
    },
    "is-fullwidth-code-point": {
      "version": "2.0.0",
      "dev": true
    },
    "json-parse-better-errors": {
      "version": "1.0.2",
      "dev": true
    },
    "locate-path": {
      "version": "3.0.0",
      "dev": true,
      "requires": {
        "p-locate": "^3.0.0",
        "path-exists": "^3.0.0"
      }
    },
    "lodash": {
      "dev": true
    },
    "nanoid": {
      "version": "3.1.20",
      "dev": true
    },
    "normalize-package-data": {
      "version": "2.5.0",
      "dev": true,
      "requires": {
        "hosted-git-info": "^2.1.4",
        "resolve": "^1.10.0",
        "semver": "2 || 3 || 4 || 5",
        "validate-npm-package-license": "^3.0.1"
      }
    },
    "p-limit": {
      "version": "2.3.0",
      "dev": true,
      "requires": {
        "p-try": "^2.0.0"
      }
    },
    "p-locate": {
      "version": "3.0.0",
      "dev": true,
      "requires": {
        "p-limit": "^2.0.0"
      }
    },
    "p-try": {
      "version": "2.2.0",
      "dev": true
    },
    "parse-json": {
      "version": "4.0.0",
      "dev": true,
      "requires": {
        "error-ex": "^1.3.1",
        "json-parse-better-errors": "^1.0.1"
      }
    },
    "path-exists": {
      "version": "3.0.0",
      "dev": true
    },
    "path-parse": {
      "version": "1.0.6",
      "dev": true
    },
    "pify": {
      "version": "3.0.0",
      "dev": true
    },
    "postcss": {
      "version": "8.2.5",
      "dev": true,
      "requires": {
        "colorette": "^1.2.1",
        "nanoid": "^3.1.20",
        "source-map": "^0.6.1"
      }
    },
    "read-pkg": {
      "version": "4.0.1",
      "dev": true,
      "requires": {
        "normalize-package-data": "^2.3.2",
        "parse-json": "^4.0.0",
        "pify": "^3.0.0"
      }
    },
    "require-directory": {
      "version": "2.1.1",
      "dev": true
    },
    "require-main-filename": {
      "version": "2.0.0",
      "dev": true
    },
    "resolve": {
      "version": "1.19.0",
      "dev": true,
      "requires": {
        "is-core-module": "^2.1.0",
        "path-parse": "^1.0.6"
      }
    },
    "rollup": {
      "version": "2.38.5",
      "dev": true,
      "requires": {
        "fsevents": "~2.3.1"
      }
    },
    "rxjs": {
      "dev": true
    },
    "semver": {
      "version": "5.7.1",
      "dev": true
    },
    "set-blocking": {
      "version": "2.0.0",
      "dev": true
    },
    "source-map": {
      "version": "0.6.1",
      "dev": true
    },
    "spawn-command": {
      "version": "0.0.2-1",
      "dev": true
    },
    "spdx-correct": {
      "version": "3.1.1",
      "dev": true,
      "requires": {
        "spdx-expression-parse": "^3.0.0",
        "spdx-license-ids": "^3.0.0"
      }
    },
    "spdx-exceptions": {
      "version": "2.3.0",
      "dev": true
    },
    "spdx-expression-parse": {
      "version": "3.0.1",
      "dev": true,
      "requires": {
        "spdx-exceptions": "^2.1.0",
        "spdx-license-ids": "^3.0.0"
      }
    },
    "spdx-license-ids": {
      "version": "3.0.7",
      "dev": true
    },
    "string-width": {
      "version": "3.1.0",
      "dev": true,
      "requires": {
        "emoji-regex": "^7.0.1",
        "is-fullwidth-code-point": "^2.0.0",
        "strip-ansi": "^5.1.0"
      }
    },
    "strip-ansi": {
      "version": "5.2.0",
      "dev": true,
      "requires": {
        "ansi-regex": "^4.1.0"
      }
    },
    "supports-color": {
      "version": "6.1.0",
      "dev": true,
      "requires": {
        "has-flag": "^3.0.0"
      }
    },
    "tree-kill": {
      "version": "1.2.2",
      "dev": true
    },
    "tslib": {
      "version": "1.14.1",
      "extraneous": true
    },
    "typescript": {
      "version": "4.1.4",
      "dev": true
    },
    "validate-npm-package-license": {
      "version": "3.0.4",
      "dev": true,
      "requires": {
        "spdx-correct": "^3.0.0",
        "spdx-expression-parse": "^3.0.0"
      }
    },
    "vite": {
      "version": "2.0.0-beta.67",
      "dev": true,
      "requires": {
        "esbuild": "^0.8.34",
        "fsevents": "~2.3.1",
        "postcss": "^8.2.1",
        "resolve": "^1.19.0",
        "rollup": "^2.38.5"
      }
    },
    "vite-plugin-ssr": {
      "version": "file:src",
      "requires": {
        "@brillout/libassert": "^0.2.2",
        "@types/express": "^4.17.11",
        "@types/node": "^14.14.22",
        "es-module-lexer": "^0.3.26",
        "typescript": "^4.1.3",
        "vite": "2.0.0-beta.67"
      }
    },
    "which-module": {
      "version": "2.0.0",
      "dev": true
    },
    "wrap-ansi": {
      "version": "5.1.0",
      "dev": true,
      "requires": {
        "ansi-styles": "^3.2.0",
        "string-width": "^3.0.0",
        "strip-ansi": "^5.0.0"
      }
    },
    "y18n": {
      "version": "4.0.1",
      "dev": true
    },
    "yargs": {
      "version": "13.3.2",
      "dev": true,
      "requires": {
        "cliui": "^5.0.0",
        "find-up": "^3.0.0",
        "get-caller-file": "^2.0.1",
        "require-directory": "^2.1.1",
        "require-main-filename": "^2.0.0",
        "set-blocking": "^2.0.0",
        "string-width": "^3.0.0",
        "which-module": "^2.0.0",
        "y18n": "^4.0.0",
        "yargs-parser": "^13.1.2"
      }
    },
    "yargs-parser": {
      "version": "13.1.2",
      "dev": true,
      "requires": {
        "camelcase": "^5.0.0",
        "decamelize": "^1.2.0"
      }
    }
  }
}
