{
  "name": "vite-plugin-ssr",
  "lockfileVersion": 2,
  "requires": true,
  "packages": {
    "": {
      "hasInstallScript": true,
      "dependencies": {
        "@brillout/submodule-init": "0.1.2"
      }
    },
    "node_modules/@brillout/submodule-init": {
      "version": "0.1.2",
      "resolved": "https://registry.npmjs.org/@brillout/submodule-init/-/submodule-init-0.1.2.tgz",
      "integrity": "sha512-rfmmKGvFQkwnPFnr2bMwqvXBQa52bw24iuZgPOWrueHziTm7fHThnsb/p22EC+mLFEPhPeGj/A8A4CrFgfA80Q==",
      "bin": {
        "submodule-init": "cli.js"
      }
    }
  },
  "dependencies": {
    "@brillout/submodule-init": {
      "version": "0.1.2",
      "resolved": "https://registry.npmjs.org/@brillout/submodule-init/-/submodule-init-0.1.2.tgz",
      "integrity": "sha512-rfmmKGvFQkwnPFnr2bMwqvXBQa52bw24iuZgPOWrueHziTm7fHThnsb/p22EC+mLFEPhPeGj/A8A4CrFgfA80Q=="
    }
  }
}
