# THIS IS AN AUTOGENERATED FILE. DO NOT EDIT THIS FILE DIRECTLY.
# yarn lockfile v1


"@babel/helper-validator-identifier@^7.14.5":
  version "7.14.5"
  resolved "https://registry.yarnpkg.com/@babel/helper-validator-identifier/-/helper-validator-identifier-7.14.5.tgz#d0f0e277c512e0c938277faa85a3968c9a44c0e8"
  integrity sha512-5lsetuxCLilmVGyiLEfoHBRX8UCFD+1m2x3Rj97WrW3V7H3u4RWRXA4evMjImCsin2J2YT0QaVDGf+z8ondbAg==

"@babel/parser@^7.12.0", "@babel/parser@^7.13.9":
  version "7.14.7"
  resolved "https://registry.yarnpkg.com/@babel/parser/-/parser-7.14.7.tgz#6099720c8839ca865a2637e6c85852ead0bdb595"
  integrity sha512-X67Z5y+VBJuHB/RjwECp8kSl5uYi0BvRbNeWqkaJCVh+LiTPl19WBUfG627psSgp9rSf6ojuXghQM3ha6qHHdA==

"@babel/types@^7.12.0", "@babel/types@^7.13.0":
  version "7.14.5"
  resolved "https://registry.yarnpkg.com/@babel/types/-/types-7.14.5.tgz#3bb997ba829a2104cedb20689c4a5b8121d383ff"
  integrity sha512-M/NzBpEL95I5Hh4dwhin5JlE7EzO5PHMAuzjxss3tiOBD46KfQvVedN/3jEPZvdRvtsK2222XfdHogNIttFgcg==
  dependencies:
    "@babel/helper-validator-identifier" "^7.14.5"
    to-fast-properties "^2.0.0"

"@brillout/json-s@^0.2.0":
  version "0.2.0"
  resolved "https://registry.yarnpkg.com/@brillout/json-s/-/json-s-0.2.0.tgz#4ef2cc02803da43790bdff90a0b0a5762161ff6f"
  integrity sha512-kYmNGXGrBXqF4rmIXDpQVUFK9af1DF38BjUXgEwnPk1bZv3dFVjn8iu4CgE+LP5KvMyyDWfGhQfIPuX+pc3jNg==

"@brillout/libassert@^0.4.2":
  version "0.4.2"
  resolved "https://registry.yarnpkg.com/@brillout/libassert/-/libassert-0.4.2.tgz#e536e86edd4799796c95c436f05298c8ab1504f9"
  integrity sha512-8B3gmpeOlwnrWQh5c1lxBIKeUs7dGAxTt8q5hjlNuFZdGsV+AByoD6oQRmvCOHcu7bEQW7lYRIN8gfAIwqvYUQ==

"@brillout/path-to-regexp@^0.1.2":
  version "0.1.2"
  resolved "https://registry.yarnpkg.com/@brillout/path-to-regexp/-/path-to-regexp-0.1.2.tgz#f6d415d3dc61c54e2ef59155a4df56e36c8eaf7f"
  integrity sha512-hGwx0UhXfUmuQlzVv5799k1MkXh/Q6EOxUMDS0cf9iD2ZXMG6INUkkvK2I5rFRH0WD2bqnndnoN1dgaCRo8w7w==
  dependencies:
    path-to-regexp "^1.7.0"

"@nodelib/fs.scandir@2.1.5":
  version "2.1.5"
  resolved "https://registry.yarnpkg.com/@nodelib/fs.scandir/-/fs.scandir-2.1.5.tgz#7619c2eb21b25483f6d167548b4cfd5a7488c3d5"
  integrity sha512-vq24Bq3ym5HEQm2NKCr3yXDwjc7vTsEThRDnkp2DK9p1uqLR+DHurm/NOTo0KG7HYHU7eppKZj3MyqYuMBf62g==
  dependencies:
    "@nodelib/fs.stat" "2.0.5"
    run-parallel "^1.1.9"

"@nodelib/fs.stat@2.0.5", "@nodelib/fs.stat@^2.0.2":
  version "2.0.5"
  resolved "https://registry.yarnpkg.com/@nodelib/fs.stat/-/fs.stat-2.0.5.tgz#5bd262af94e9d25bd1e71b05deed44876a222e8b"
  integrity sha512-RkhPPp2zrqDAQA/2jNhnztcPAlv64XdhIp7a7454A5ovI7Bukxgt7MX7udwAu3zg1DcpPU0rz3VV1SeaqvY4+A==

"@nodelib/fs.walk@^1.2.3":
  version "1.2.8"
  resolved "https://registry.yarnpkg.com/@nodelib/fs.walk/-/fs.walk-1.2.8.tgz#e95737e8bb6746ddedf69c556953494f196fe69a"
  integrity sha512-oGB+UxlgWcgQkgwo8GcEGwemoTFt3FIO9ababBmaGwXIoBKZ+GTy0pP185beGg7Llih/NSHSV2XAs1lnznocSg==
  dependencies:
    "@nodelib/fs.scandir" "2.1.5"
    fastq "^1.6.0"

"@types/estree@^0.0.48":
  version "0.0.48"
  resolved "https://registry.yarnpkg.com/@types/estree/-/estree-0.0.48.tgz#18dc8091b285df90db2f25aa7d906cfc394b7f74"
  integrity sha512-LfZwXoGUDo0C3me81HXgkBg5CTQYb6xzEl+fNmbO4JdRiSKQ8A0GD1OBBvKAIsbCUgoyAty7m99GqqMQe784ew==

"@vitejs/plugin-vue@^1.2.3":
  version "1.2.5"
  resolved "https://registry.yarnpkg.com/@vitejs/plugin-vue/-/plugin-vue-1.2.5.tgz#ef7dc4a92e53fe866b54bcc1266788513262ac09"
  integrity sha512-GIR31mdXTEfvElmBUaRhDc5v7lfdkEdawWQqJRiaRL/5qKsH+xusukglkvJz5y7+c6dEpxgmvcATv2BbB7+fzQ==

"@vue/compiler-core@3.1.4":
  version "3.1.4"
  resolved "https://registry.yarnpkg.com/@vue/compiler-core/-/compiler-core-3.1.4.tgz#a3a74cf52e8f01af386d364ac8a099cbeb260424"
  integrity sha512-TnUz+1z0y74O/A4YKAbzsdUfamyHV73MihrEfvettWpm9bQKVoZd1nEmR1cGN9LsXWlwAvVQBetBlWdOjmQO5Q==
  dependencies:
    "@babel/parser" "^7.12.0"
    "@babel/types" "^7.12.0"
    "@vue/shared" "3.1.4"
    estree-walker "^2.0.1"
    source-map "^0.6.1"

"@vue/compiler-dom@3.1.4":
  version "3.1.4"
  resolved "https://registry.yarnpkg.com/@vue/compiler-dom/-/compiler-dom-3.1.4.tgz#bf3795e1449f32c965d38c4ea6d808ca05fdfc97"
  integrity sha512-3tG2ScHkghhUBuFwl9KgyZhrS8CPFZsO7hUDekJgIp5b1OMkROr4AvxHu6rRMl4WkyvYkvidFNBS2VfOnwa6Kw==
  dependencies:
    "@vue/compiler-core" "3.1.4"
    "@vue/shared" "3.1.4"

"@vue/compiler-sfc@^3.0.11":
  version "3.1.4"
  resolved "https://registry.yarnpkg.com/@vue/compiler-sfc/-/compiler-sfc-3.1.4.tgz#93e87db950e0711339c18baa7bb7d28d3522d7bc"
  integrity sha512-4KDQg60Khy3SgnF+V/TB2NZqzmM4TyGRmzsxqG1SebGdMSecCweFDSlI/F1vDYk6dKiCHgmpoT9A1sLxswkJ0A==
  dependencies:
    "@babel/parser" "^7.13.9"
    "@babel/types" "^7.13.0"
    "@types/estree" "^0.0.48"
    "@vue/compiler-core" "3.1.4"
    "@vue/compiler-dom" "3.1.4"
    "@vue/compiler-ssr" "3.1.4"
    "@vue/shared" "3.1.4"
    consolidate "^0.16.0"
    estree-walker "^2.0.1"
    hash-sum "^2.0.0"
    lru-cache "^5.1.1"
    magic-string "^0.25.7"
    merge-source-map "^1.1.0"
    postcss "^8.1.10"
    postcss-modules "^4.0.0"
    postcss-selector-parser "^6.0.4"
    source-map "^0.6.1"

"@vue/compiler-ssr@3.1.4":
  version "3.1.4"
  resolved "https://registry.yarnpkg.com/@vue/compiler-ssr/-/compiler-ssr-3.1.4.tgz#7f6eaac5b1851fc15c82c083e8179eb1216b303c"
  integrity sha512-Box8fCuCFPp0FuimIswjDkjwiSDCBkHvt/xVALyFkYCiIMWv2eR53fIjmlsnEHhcBuZ+VgRC+UanCTcKvSA1gA==
  dependencies:
    "@vue/compiler-dom" "3.1.4"
    "@vue/shared" "3.1.4"

"@vue/reactivity@3.1.4":
  version "3.1.4"
  resolved "https://registry.yarnpkg.com/@vue/reactivity/-/reactivity-3.1.4.tgz#d926ed46fb0d48582ccf8665b062d37b5d35ba99"
  integrity sha512-YDlgii2Cr9yAoKVZFzgY4j0mYlVT73986X3e5SPp6ifqckSEoFSUWXZK2Tb53TB/9qO29BEEbspnKD3m3wAwkA==
  dependencies:
    "@vue/shared" "3.1.4"

"@vue/runtime-core@3.1.4":
  version "3.1.4"
  resolved "https://registry.yarnpkg.com/@vue/runtime-core/-/runtime-core-3.1.4.tgz#3e30ae6ecbfff06df5adc9414491143191a375ba"
  integrity sha512-qmVJgJuFxfT7M4qHQ4M6KqhKC66fjuswK+aBivE8dWiZ2rtIGl9gtJGpwqwjQEcKEBTOfvvrtrwBncYArJUO8Q==
  dependencies:
    "@vue/reactivity" "3.1.4"
    "@vue/shared" "3.1.4"

"@vue/runtime-dom@3.1.4":
  version "3.1.4"
  resolved "https://registry.yarnpkg.com/@vue/runtime-dom/-/runtime-dom-3.1.4.tgz#acfeee200d5c45fc2cbdf7058cda1498f9b45849"
  integrity sha512-vbmwgTxku1BU87Kw7r29adv0OIrDXCW0PslOPQT0O/9R5SqcXgS94Yj6zsztDjvghegenwIAPNLlDR1Auh5s+w==
  dependencies:
    "@vue/runtime-core" "3.1.4"
    "@vue/shared" "3.1.4"
    csstype "^2.6.8"

"@vue/server-renderer@^3.0.11":
  version "3.1.4"
  resolved "https://registry.yarnpkg.com/@vue/server-renderer/-/server-renderer-3.1.4.tgz#2b8762c8958a522870f158b1865e8191365f4e3e"
  integrity sha512-STyvZLeoQwljTMqA94Zmlo20AEBOdF57nuIz0tw+fsJvkmLt3R9HEngvHPmB0Aht9XnVP9h7oG61/5luhsbfDA==
  dependencies:
    "@vue/compiler-ssr" "3.1.4"
    "@vue/shared" "3.1.4"

"@vue/shared@3.1.4":
  version "3.1.4"
  resolved "https://registry.yarnpkg.com/@vue/shared/-/shared-3.1.4.tgz#c14c461ec42ea2c1556e86f60b0354341d91adc3"
  integrity sha512-6O45kZAmkLvzGLToBxEz4lR2W6kXohCtebV2UxjH9GXjd8X9AhEn68FN9eNanFtWNzvgw1hqd6HkPRVQalqf7Q==

accepts@~1.3.7:
  version "1.3.7"
  resolved "https://registry.yarnpkg.com/accepts/-/accepts-1.3.7.tgz#531bc726517a3b2b41f850021c6cc15eaab507cd"
  integrity sha512-Il80Qs2WjYlJIBNzNkK6KYqlVMTbZLXgHx2oT0pU/fjRHyEp+PEfEPY0R3WCwAGVOtauxh1hOxNgIf5bv7dQpA==
  dependencies:
    mime-types "~2.1.24"
    negotiator "0.6.2"

array-flatten@1.1.1:
  version "1.1.1"
  resolved "https://registry.yarnpkg.com/array-flatten/-/array-flatten-1.1.1.tgz#9a5f699051b1e7073328f2a008968b64ea2955d2"
  integrity sha1-ml9pkFGx5wczKPKgCJaLZOopVdI=

big.js@^5.2.2:
  version "5.2.2"
  resolved "https://registry.yarnpkg.com/big.js/-/big.js-5.2.2.tgz#65f0af382f578bcdc742bd9c281e9cb2d7768328"
  integrity sha512-vyL2OymJxmarO8gxMr0mhChsO9QGwhynfuu4+MHTAW6czfq9humCB7rKpUjDd9YUiDPU4mzpyupFSvOClAwbmQ==

bluebird@^3.7.2:
  version "3.7.2"
  resolved "https://registry.yarnpkg.com/bluebird/-/bluebird-3.7.2.tgz#9f229c15be272454ffa973ace0dbee79a1b0c36f"
  integrity sha512-XpNj6GDQzdfW+r2Wnn7xiSAd7TM3jzkxGXBGTtWKuSXv1xUV+azxAm8jdWZN06QTQk+2N2XB9jRDkvbmQmcRtg==

body-parser@1.19.0:
  version "1.19.0"
  resolved "https://registry.yarnpkg.com/body-parser/-/body-parser-1.19.0.tgz#96b2709e57c9c4e09a6fd66a8fd979844f69f08a"
  integrity sha512-dhEPs72UPbDnAQJ9ZKMNTP6ptJaionhP5cBb541nXPlW60Jepo9RV/a4fX4XWW9CuFNK22krhrj1+rgzifNCsw==
  dependencies:
    bytes "3.1.0"
    content-type "~1.0.4"
    debug "2.6.9"
    depd "~1.1.2"
    http-errors "1.7.2"
    iconv-lite "0.4.24"
    on-finished "~2.3.0"
    qs "6.7.0"
    raw-body "2.4.0"
    type-is "~1.6.17"

braces@^3.0.1:
  version "3.0.2"
  resolved "https://registry.yarnpkg.com/braces/-/braces-3.0.2.tgz#3454e1a462ee8d599e236df336cd9ea4f8afe107"
  integrity sha512-b8um+L1RzM3WDSzvhm6gIz1yfTbBt6YTlcEKAvsmqCZZFw46z626lVj9j1yEPW33H5H+lBQpZMP1k8l+78Ha0A==
  dependencies:
    fill-range "^7.0.1"

bytes@3.1.0:
  version "3.1.0"
  resolved "https://registry.yarnpkg.com/bytes/-/bytes-3.1.0.tgz#f6cf7933a360e0588fa9fde85651cdc7f805d1f6"
  integrity sha512-zauLjrfCG+xvoyaqLoV8bLVXXNGC4JqlxFCutSDWA6fJrTo2ZuvLYTqZ7aHBLZSMOopbzwv8f+wZcVzfVTI2Dg==

cac@^6.7.3:
  version "6.7.3"
  resolved "https://registry.yarnpkg.com/cac/-/cac-6.7.3.tgz#10410b8611677990cc2e3c8b576d471c1d71b768"
  integrity sha512-ECVqVZh74qgSuZG9YOt2OJPI3wGcf+EwwuF/XIOYqZBD0KZYLtgPWqFPxmDPQ6joxI1nOlvVgRV6VT53Ooyocg==

colorette@^1.2.2:
  version "1.2.2"
  resolved "https://registry.yarnpkg.com/colorette/-/colorette-1.2.2.tgz#cbcc79d5e99caea2dbf10eb3a26fd8b3e6acfa94"
  integrity sha512-MKGMzyfeuutC/ZJ1cba9NqcNpfeqMUcYmyF1ZFY6/Cn7CNSAKx6a+s48sqLqyAiZuaP2TcqMhoo+dlwFnVxT9w==

consolidate@^0.16.0:
  version "0.16.0"
  resolved "https://registry.yarnpkg.com/consolidate/-/consolidate-0.16.0.tgz#a11864768930f2f19431660a65906668f5fbdc16"
  integrity sha512-Nhl1wzCslqXYTJVDyJCu3ODohy9OfBMB5uD2BiBTzd7w+QY0lBzafkR8y8755yMYHAaMD4NuzbAw03/xzfw+eQ==
  dependencies:
    bluebird "^3.7.2"

content-disposition@0.5.3:
  version "0.5.3"
  resolved "https://registry.yarnpkg.com/content-disposition/-/content-disposition-0.5.3.tgz#e130caf7e7279087c5616c2007d0485698984fbd"
  integrity sha512-ExO0774ikEObIAEV9kDo50o+79VCUdEB6n6lzKgGwupcVeRlhrj3qGAfwq8G6uBJjkqLrhT0qEYFcWng8z1z0g==
  dependencies:
    safe-buffer "5.1.2"

content-type@~1.0.4:
  version "1.0.4"
  resolved "https://registry.yarnpkg.com/content-type/-/content-type-1.0.4.tgz#e138cc75e040c727b1966fe5e5f8c9aee256fe3b"
  integrity sha512-hIP3EEPs8tB9AT1L+NUqtwOAps4mk2Zob89MWXMHjHWg9milF/j4osnnQLXBCBFBk/tvIG/tUc9mOUJiPBhPXA==

cookie-signature@1.0.6:
  version "1.0.6"
  resolved "https://registry.yarnpkg.com/cookie-signature/-/cookie-signature-1.0.6.tgz#e303a882b342cc3ee8ca513a79999734dab3ae2c"
  integrity sha1-4wOogrNCzD7oylE6eZmXNNqzriw=

cookie@0.4.0:
  version "0.4.0"
  resolved "https://registry.yarnpkg.com/cookie/-/cookie-0.4.0.tgz#beb437e7022b3b6d49019d088665303ebe9c14ba"
  integrity sha512-+Hp8fLp57wnUSt0tY0tHEXh4voZRDnoIrZPqlo3DPiI4y9lwg/jqx+1Om94/W6ZaPDOUbnjOt/99w66zk+l1Xg==

cross-env@^7.0.3:
  version "7.0.3"
  resolved "https://registry.yarnpkg.com/cross-env/-/cross-env-7.0.3.tgz#865264b29677dc015ba8418918965dd232fc54cf"
  integrity sha512-+/HKd6EgcQCJGh2PSjZuUitQBQynKor4wrFbRg4DtAgS1aWO+gU52xpH7M9ScGgXSYmAVS9bIJ8EzuaGw0oNAw==
  dependencies:
    cross-spawn "^7.0.1"

cross-spawn@^7.0.1:
  version "7.0.3"
  resolved "https://registry.yarnpkg.com/cross-spawn/-/cross-spawn-7.0.3.tgz#f73a85b9d5d41d045551c177e2882d4ac85728a6"
  integrity sha512-iRDPJKUPVEND7dHPO8rkbOnPpyDygcDFtWjpeWNCgy8WP2rXcxXL8TskReQl6OrB2G7+UJrags1q15Fudc7G6w==
  dependencies:
    path-key "^3.1.0"
    shebang-command "^2.0.0"
    which "^2.0.1"

cssesc@^3.0.0:
  version "3.0.0"
  resolved "https://registry.yarnpkg.com/cssesc/-/cssesc-3.0.0.tgz#37741919903b868565e1c09ea747445cd18983ee"
  integrity sha512-/Tb/JcjK111nNScGob5MNtsntNM1aCNUDipB/TkwZFhyDrrE47SOx/18wF2bbjgc3ZzCSKW1T5nt5EbFoAz/Vg==

csstype@^2.6.8:
  version "2.6.17"
  resolved "https://registry.yarnpkg.com/csstype/-/csstype-2.6.17.tgz#4cf30eb87e1d1a005d8b6510f95292413f6a1c0e"
  integrity sha512-u1wmTI1jJGzCJzWndZo8mk4wnPTZd1eOIYTYvuEyOQGfmDl3TrabCCfKnOC86FZwW/9djqTl933UF/cS425i9A==

debug@2.6.9:
  version "2.6.9"
  resolved "https://registry.yarnpkg.com/debug/-/debug-2.6.9.tgz#5d128515df134ff327e90a4c93f4e077a536341f"
  integrity sha512-bC7ElrdJaJnPbAP+1EotYvqZsb3ecl5wi6Bfi6BJTUcNowp6cvspg0jXznRTKDjm/E7AdgFBVeAPVMNcKGsHMA==
  dependencies:
    ms "2.0.0"

depd@~1.1.2:
  version "1.1.2"
  resolved "https://registry.yarnpkg.com/depd/-/depd-1.1.2.tgz#9bcd52e14c097763e749b274c4346ed2e560b5a9"
  integrity sha1-m81S4UwJd2PnSbJ0xDRu0uVgtak=

destroy@~1.0.4:
  version "1.0.4"
  resolved "https://registry.yarnpkg.com/destroy/-/destroy-1.0.4.tgz#978857442c44749e4206613e37946205826abd80"
  integrity sha1-l4hXRCxEdJ5CBmE+N5RiBYJqvYA=

devalue@^2.0.1:
  version "2.0.1"
  resolved "https://registry.yarnpkg.com/devalue/-/devalue-2.0.1.tgz#5d368f9adc0928e47b77eea53ca60d2f346f9762"
  integrity sha512-I2TiqT5iWBEyB8GRfTDP0hiLZ0YeDJZ+upDxjBfOC2lebO5LezQMv7QvIUTzdb64jQyAKLf1AHADtGN+jw6v8Q==

ee-first@1.1.1:
  version "1.1.1"
  resolved "https://registry.yarnpkg.com/ee-first/-/ee-first-1.1.1.tgz#590c61156b0ae2f4f0255732a158b266bc56b21d"
  integrity sha1-WQxhFWsK4vTwJVcyoViyZrxWsh0=

emojis-list@^3.0.0:
  version "3.0.0"
  resolved "https://registry.yarnpkg.com/emojis-list/-/emojis-list-3.0.0.tgz#5570662046ad29e2e916e71aae260abdff4f6a78"
  integrity sha512-/kyM18EfinwXZbno9FyUGeFh87KC8HRQBQGildHZbEuRyWFOmv1U10o9BBp8XVZDVNNuQKyIGIu5ZYAAXJ0V2Q==

encodeurl@~1.0.2:
  version "1.0.2"
  resolved "https://registry.yarnpkg.com/encodeurl/-/encodeurl-1.0.2.tgz#ad3ff4c86ec2d029322f5a02c3a9a606c95b3f59"
  integrity sha1-rT/0yG7C0CkyL1oCw6mmBslbP1k=

esbuild@^0.12.15, esbuild@^0.12.8:
  version "0.12.15"
  resolved "https://registry.yarnpkg.com/esbuild/-/esbuild-0.12.15.tgz#9d99cf39aeb2188265c5983e983e236829f08af0"
  integrity sha512-72V4JNd2+48eOVCXx49xoSWHgC3/cCy96e7mbXKY+WOWghN00cCmlGnwVLRhRHorvv0dgCyuMYBZlM2xDM5OQw==

escape-html@~1.0.3:
  version "1.0.3"
  resolved "https://registry.yarnpkg.com/escape-html/-/escape-html-1.0.3.tgz#0258eae4d3d0c0974de1c169188ef0051d1d1988"
  integrity sha1-Aljq5NPQwJdN4cFpGI7wBR0dGYg=

estree-walker@^2.0.1:
  version "2.0.2"
  resolved "https://registry.yarnpkg.com/estree-walker/-/estree-walker-2.0.2.tgz#52f010178c2a4c117a7757cfe942adb7d2da4cac"
  integrity sha512-Rfkk/Mp/DL7JVje3u18FxFujQlTNR2q6QfMSMB7AvCBx91NGj/ba3kCfza0f6dVDbw7YlRf/nDrn7pQrCCyQ/w==

etag@~1.8.1:
  version "1.8.1"
  resolved "https://registry.yarnpkg.com/etag/-/etag-1.8.1.tgz#41ae2eeb65efa62268aebfea83ac7d79299b0887"
  integrity sha1-Qa4u62XvpiJorr/qg6x9eSmbCIc=

express@^4.17.1:
  version "4.17.1"
  resolved "https://registry.yarnpkg.com/express/-/express-4.17.1.tgz#4491fc38605cf51f8629d39c2b5d026f98a4c134"
  integrity sha512-mHJ9O79RqluphRrcw2X/GTh3k9tVv8YcoyY4Kkh4WDMUYKRZUq0h1o0w2rrrxBqM7VoeUVqgb27xlEMXTnYt4g==
  dependencies:
    accepts "~1.3.7"
    array-flatten "1.1.1"
    body-parser "1.19.0"
    content-disposition "0.5.3"
    content-type "~1.0.4"
    cookie "0.4.0"
    cookie-signature "1.0.6"
    debug "2.6.9"
    depd "~1.1.2"
    encodeurl "~1.0.2"
    escape-html "~1.0.3"
    etag "~1.8.1"
    finalhandler "~1.1.2"
    fresh "0.5.2"
    merge-descriptors "1.0.1"
    methods "~1.1.2"
    on-finished "~2.3.0"
    parseurl "~1.3.3"
    path-to-regexp "0.1.7"
    proxy-addr "~2.0.5"
    qs "6.7.0"
    range-parser "~1.2.1"
    safe-buffer "5.1.2"
    send "0.17.1"
    serve-static "1.14.1"
    setprototypeof "1.1.1"
    statuses "~1.5.0"
    type-is "~1.6.18"
    utils-merge "1.0.1"
    vary "~1.1.2"

fast-glob@^3.2.5:
  version "3.2.7"
  resolved "https://registry.yarnpkg.com/fast-glob/-/fast-glob-3.2.7.tgz#fd6cb7a2d7e9aa7a7846111e85a196d6b2f766a1"
  integrity sha512-rYGMRwip6lUMvYD3BTScMwT1HtAs2d71SMv66Vrxs0IekGZEjhM0pcMfjQPnknBt2zeCwQMEupiN02ZP4DiT1Q==
  dependencies:
    "@nodelib/fs.stat" "^2.0.2"
    "@nodelib/fs.walk" "^1.2.3"
    glob-parent "^5.1.2"
    merge2 "^1.3.0"
    micromatch "^4.0.4"

fastq@^1.6.0:
  version "1.11.1"
  resolved "https://registry.yarnpkg.com/fastq/-/fastq-1.11.1.tgz#5d8175aae17db61947f8b162cfc7f63264d22807"
  integrity sha512-HOnr8Mc60eNYl1gzwp6r5RoUyAn5/glBolUzP/Ez6IFVPMPirxn/9phgL6zhOtaTy7ISwPvQ+wT+hfcRZh/bzw==
  dependencies:
    reusify "^1.0.4"

fill-range@^7.0.1:
  version "7.0.1"
  resolved "https://registry.yarnpkg.com/fill-range/-/fill-range-7.0.1.tgz#1919a6a7c75fe38b2c7c77e5198535da9acdda40"
  integrity sha512-qOo9F+dMUmC2Lcb4BbVvnKJxTPjCm+RRpe4gDuGrzkL7mEVl/djYSu2OdQ2Pa302N4oqkSg9ir6jaLWJ2USVpQ==
  dependencies:
    to-regex-range "^5.0.1"

finalhandler@~1.1.2:
  version "1.1.2"
  resolved "https://registry.yarnpkg.com/finalhandler/-/finalhandler-1.1.2.tgz#b7e7d000ffd11938d0fdb053506f6ebabe9f587d"
  integrity sha512-aAWcW57uxVNrQZqFXjITpW3sIUQmHGG3qSb9mUah9MgMC4NeWhNOlNjXEYq3HjRAvL6arUviZGGJsBg6z0zsWA==
  dependencies:
    debug "2.6.9"
    encodeurl "~1.0.2"
    escape-html "~1.0.3"
    on-finished "~2.3.0"
    parseurl "~1.3.3"
    statuses "~1.5.0"
    unpipe "~1.0.0"

forwarded@0.2.0:
  version "0.2.0"
  resolved "https://registry.yarnpkg.com/forwarded/-/forwarded-0.2.0.tgz#2269936428aad4c15c7ebe9779a84bf0b2a81811"
  integrity sha512-buRG0fpBtRHSTCOASe6hD258tEubFoRLb4ZNA6NxMVHNw2gOcwHo9wyablzMzOA5z9xA9L1KNjk/Nt6MT9aYow==

fresh@0.5.2:
  version "0.5.2"
  resolved "https://registry.yarnpkg.com/fresh/-/fresh-0.5.2.tgz#3d8cadd90d976569fa835ab1f8e4b23a105605a7"
  integrity sha1-PYyt2Q2XZWn6g1qx+OSyOhBWBac=

fsevents@~2.3.2:
  version "2.3.2"
  resolved "https://registry.yarnpkg.com/fsevents/-/fsevents-2.3.2.tgz#8a526f78b8fdf4623b709e0b975c52c24c02fd1a"
  integrity sha512-xiqMQR4xAeHTuB9uWm+fFRcIOgKBMiOBP+eXiyT7jsgVCq1bkVygt00oASowB7EdtpOHaaPgKt812P9ab+DDKA==

function-bind@^1.1.1:
  version "1.1.1"
  resolved "https://registry.yarnpkg.com/function-bind/-/function-bind-1.1.1.tgz#a56899d3ea3c9bab874bb9773b7c5ede92f4895d"
  integrity sha512-yIovAzMX49sF8Yl58fSCWJ5svSLuaibPxXQJFLmBObTuCr0Mf1KiPopGM9NiFjiYBCbfaa2Fh6breQ6ANVTI0A==

generic-names@^2.0.1:
  version "2.0.1"
  resolved "https://registry.yarnpkg.com/generic-names/-/generic-names-2.0.1.tgz#f8a378ead2ccaa7a34f0317b05554832ae41b872"
  integrity sha512-kPCHWa1m9wGG/OwQpeweTwM/PYiQLrUIxXbt/P4Nic3LbGjCP0YwrALHW1uNLKZ0LIMg+RF+XRlj2ekT9ZlZAQ==
  dependencies:
    loader-utils "^1.1.0"

glob-parent@^5.1.2:
  version "5.1.2"
  resolved "https://registry.yarnpkg.com/glob-parent/-/glob-parent-5.1.2.tgz#869832c58034fe68a4093c17dc15e8340d8401c4"
  integrity sha512-AOIgSQCepiJYwP3ARnGx+5VnTu2HBYdzbGP45eLw1vr3zB3vZLeyed1sC9hnbcOc9/SrMyM5RPQrkGz4aS9Zow==
  dependencies:
    is-glob "^4.0.1"

has@^1.0.3:
  version "1.0.3"
  resolved "https://registry.yarnpkg.com/has/-/has-1.0.3.tgz#722d7cbfc1f6aa8241f16dd814e011e1f41e8796"
  integrity sha512-f2dvO0VU6Oej7RkWJGrehjbzMAjFp5/VKPp5tTpWIV4JHHZK1/BxbFRtf/siA2SWTe09caDmVtYYzWEIbBS4zw==
  dependencies:
    function-bind "^1.1.1"

hash-sum@^2.0.0:
  version "2.0.0"
  resolved "https://registry.yarnpkg.com/hash-sum/-/hash-sum-2.0.0.tgz#81d01bb5de8ea4a214ad5d6ead1b523460b0b45a"
  integrity sha512-WdZTbAByD+pHfl/g9QSsBIIwy8IT+EsPiKDs0KNX+zSHhdDLFKdZu0BQHljvO+0QI/BasbMSUa8wYNCZTvhslg==

http-errors@1.7.2:
  version "1.7.2"
  resolved "https://registry.yarnpkg.com/http-errors/-/http-errors-1.7.2.tgz#4f5029cf13239f31036e5b2e55292bcfbcc85c8f"
  integrity sha512-uUQBt3H/cSIVfch6i1EuPNy/YsRSOUBXTVfZ+yR7Zjez3qjBz6i9+i4zjNaoqcoFVI4lQJ5plg63TvGfRSDCRg==
  dependencies:
    depd "~1.1.2"
    inherits "2.0.3"
    setprototypeof "1.1.1"
    statuses ">= 1.5.0 < 2"
    toidentifier "1.0.0"

http-errors@~1.7.2:
  version "1.7.3"
  resolved "https://registry.yarnpkg.com/http-errors/-/http-errors-1.7.3.tgz#6c619e4f9c60308c38519498c14fbb10aacebb06"
  integrity sha512-ZTTX0MWrsQ2ZAhA1cejAwDLycFsd7I7nVtnkT3Ol0aqodaKW+0CTZDQ1uBv5whptCnc8e8HeRRJxRs0kmm/Qfw==
  dependencies:
    depd "~1.1.2"
    inherits "2.0.4"
    setprototypeof "1.1.1"
    statuses ">= 1.5.0 < 2"
    toidentifier "1.0.0"

iconv-lite@0.4.24:
  version "0.4.24"
  resolved "https://registry.yarnpkg.com/iconv-lite/-/iconv-lite-0.4.24.tgz#2022b4b25fbddc21d2f524974a474aafe733908b"
  integrity sha512-v3MXnZAcvnywkTUEZomIActle7RXXeedOR31wwl7VlyoXO4Qi9arvSenNQWne1TcRwhCL1HwLI21bEqdpj8/rA==
  dependencies:
    safer-buffer ">= 2.1.2 < 3"

icss-replace-symbols@^1.1.0:
  version "1.1.0"
  resolved "https://registry.yarnpkg.com/icss-replace-symbols/-/icss-replace-symbols-1.1.0.tgz#06ea6f83679a7749e386cfe1fe812ae5db223ded"
  integrity sha1-Bupvg2ead0njhs/h/oEq5dsiPe0=

icss-utils@^5.0.0:
  version "5.1.0"
  resolved "https://registry.yarnpkg.com/icss-utils/-/icss-utils-5.1.0.tgz#c6be6858abd013d768e98366ae47e25d5887b1ae"
  integrity sha512-soFhflCVWLfRNOPU3iv5Z9VUdT44xFRbzjLsEzSr5AQmgqPMTHdU3PMT1Cf1ssx8fLNJDA1juftYl+PUcv3MqA==

inherits@2.0.3:
  version "2.0.3"
  resolved "https://registry.yarnpkg.com/inherits/-/inherits-2.0.3.tgz#633c2c83e3da42a502f52466022480f4208261de"
  integrity sha1-Yzwsg+PaQqUC9SRmAiSA9CCCYd4=

inherits@2.0.4:
  version "2.0.4"
  resolved "https://registry.yarnpkg.com/inherits/-/inherits-2.0.4.tgz#0fa2c64f932917c3433a0ded55363aae37416b7c"
  integrity sha512-k/vGaX4/Yla3WzyMCvTQOXYeIHvqOKtnqBduzTHpzpQZzAskKMhZ2K+EnBiSM9zGSoIFeMpXKxa4dYeZIQqewQ==

ipaddr.js@1.9.1:
  version "1.9.1"
  resolved "https://registry.yarnpkg.com/ipaddr.js/-/ipaddr.js-1.9.1.tgz#bff38543eeb8984825079ff3a2a8e6cbd46781b3"
  integrity sha512-0KI/607xoxSToH7GjN1FfSbLoU0+btTicjsQSWQlh/hZykN8KpmMf7uYwPW3R+akZ6R/w18ZlXSHBYXiYUPO3g==

is-core-module@^2.2.0:
  version "2.5.0"
  resolved "https://registry.yarnpkg.com/is-core-module/-/is-core-module-2.5.0.tgz#f754843617c70bfd29b7bd87327400cda5c18491"
  integrity sha512-TXCMSDsEHMEEZ6eCA8rwRDbLu55MRGmrctljsBX/2v1d9/GzqHOxW5c5oPSgrUt2vBFXebu9rGqckXGPWOlYpg==
  dependencies:
    has "^1.0.3"

is-extglob@^2.1.1:
  version "2.1.1"
  resolved "https://registry.yarnpkg.com/is-extglob/-/is-extglob-2.1.1.tgz#a88c02535791f02ed37c76a1b9ea9773c833f8c2"
  integrity sha1-qIwCU1eR8C7TfHahueqXc8gz+MI=

is-glob@^4.0.1:
  version "4.0.1"
  resolved "https://registry.yarnpkg.com/is-glob/-/is-glob-4.0.1.tgz#7567dbe9f2f5e2467bc77ab83c4a29482407a5dc"
  integrity sha512-5G0tKtBTFImOqDnLB2hG6Bp2qcKEFduo4tZu9MT/H6NQv/ghhy30o55ufafxJ/LdH79LLs2Kfrn85TLKyA7BUg==
  dependencies:
    is-extglob "^2.1.1"

is-number@^7.0.0:
  version "7.0.0"
  resolved "https://registry.yarnpkg.com/is-number/-/is-number-7.0.0.tgz#7535345b896734d5f80c4d06c50955527a14f12b"
  integrity sha512-41Cifkg6e8TylSpdtTpeLVMqvSBEVzTttHvERD741+pnZ8ANv0004MRL43QKPDlK9cGvNp6NZWZUBlbGXYxxng==

isarray@0.0.1:
  version "0.0.1"
  resolved "https://registry.yarnpkg.com/isarray/-/isarray-0.0.1.tgz#8a18acfca9a8f4177e09abfc6038939b05d1eedf"
  integrity sha1-ihis/Kmo9Bd+Cav8YDiTmwXR7t8=

isexe@^2.0.0:
  version "2.0.0"
  resolved "https://registry.yarnpkg.com/isexe/-/isexe-2.0.0.tgz#e8fbf374dc556ff8947a10dcb0572d633f2cfa10"
  integrity sha1-6PvzdNxVb/iUehDcsFctYz8s+hA=

json5@^1.0.1:
  version "1.0.1"
  resolved "https://registry.yarnpkg.com/json5/-/json5-1.0.1.tgz#779fb0018604fa854eacbf6252180d83543e3dbe"
  integrity sha512-aKS4WQjPenRxiQsC93MNfjx+nbF4PAdYzmd/1JIj8HYzqfbu86beTuNgXDzPknWk0n0uARlyewZo4s++ES36Ow==
  dependencies:
    minimist "^1.2.0"

kolorist@^1.4.1:
  version "1.5.0"
  resolved "https://registry.yarnpkg.com/kolorist/-/kolorist-1.5.0.tgz#a06f7dd11d1b5fdb743d79c8acd4e1ecbcbd89b3"
  integrity sha512-pPobydIHK884YBtkS/tWSZXpSAEpcMbilyun3KL37ot935qL2HNKm/tI45i/Rd+MxdIWEhm7/LmUQzWZYK+Qhg==

loader-utils@^1.1.0:
  version "1.4.0"
  resolved "https://registry.yarnpkg.com/loader-utils/-/loader-utils-1.4.0.tgz#c579b5e34cb34b1a74edc6c1fb36bfa371d5a613"
  integrity sha512-qH0WSMBtn/oHuwjy/NucEgbx5dbxxnxup9s4PVXJUDHZBQY+s0NWA9rJf53RBnQZxfch7euUui7hpoAPvALZdA==
  dependencies:
    big.js "^5.2.2"
    emojis-list "^3.0.0"
    json5 "^1.0.1"

lodash.camelcase@^4.3.0:
  version "4.3.0"
  resolved "https://registry.yarnpkg.com/lodash.camelcase/-/lodash.camelcase-4.3.0.tgz#b28aa6288a2b9fc651035c7711f65ab6190331a6"
  integrity sha1-soqmKIorn8ZRA1x3EfZathkDMaY=

lru-cache@^5.1.1:
  version "5.1.1"
  resolved "https://registry.yarnpkg.com/lru-cache/-/lru-cache-5.1.1.tgz#1da27e6710271947695daf6848e847f01d84b920"
  integrity sha512-KpNARQA3Iwv+jTA0utUVVbrh+Jlrr1Fv0e56GGzAFOXN7dk/FviaDW8LHmK52DlcH4WP2n6gI8vN1aesBFgo9w==
  dependencies:
    yallist "^3.0.2"

magic-string@^0.25.7:
  version "0.25.7"
  resolved "https://registry.yarnpkg.com/magic-string/-/magic-string-0.25.7.tgz#3f497d6fd34c669c6798dcb821f2ef31f5445051"
  integrity sha512-4CrMT5DOHTDk4HYDlzmwu4FVCcIYI8gauveasrdCu2IKIFOJ3f0v/8MDGJCDL9oD2ppz/Av1b0Nj345H9M+XIA==
  dependencies:
    sourcemap-codec "^1.4.4"

media-typer@0.3.0:
  version "0.3.0"
  resolved "https://registry.yarnpkg.com/media-typer/-/media-typer-0.3.0.tgz#8710d7af0aa626f8fffa1ce00168545263255748"
  integrity sha1-hxDXrwqmJvj/+hzgAWhUUmMlV0g=

merge-descriptors@1.0.1:
  version "1.0.1"
  resolved "https://registry.yarnpkg.com/merge-descriptors/-/merge-descriptors-1.0.1.tgz#b00aaa556dd8b44568150ec9d1b953f3f90cbb61"
  integrity sha1-sAqqVW3YtEVoFQ7J0blT8/kMu2E=

merge-source-map@^1.1.0:
  version "1.1.0"
  resolved "https://registry.yarnpkg.com/merge-source-map/-/merge-source-map-1.1.0.tgz#2fdde7e6020939f70906a68f2d7ae685e4c8c646"
  integrity sha512-Qkcp7P2ygktpMPh2mCQZaf3jhN6D3Z/qVZHSdWvQ+2Ef5HgRAPBO57A77+ENm0CPx2+1Ce/MYKi3ymqdfuqibw==
  dependencies:
    source-map "^0.6.1"

merge2@^1.3.0:
  version "1.4.1"
  resolved "https://registry.yarnpkg.com/merge2/-/merge2-1.4.1.tgz#4368892f885e907455a6fd7dc55c0c9d404990ae"
  integrity sha512-8q7VEgMJW4J8tcfVPy8g09NcQwZdbwFEqhe/WZkoIzjn/3TGDwtOCYtXGxA3O8tPzpczCCDgv+P2P5y00ZJOOg==

methods@~1.1.2:
  version "1.1.2"
  resolved "https://registry.yarnpkg.com/methods/-/methods-1.1.2.tgz#5529a4d67654134edcc5266656835b0f851afcee"
  integrity sha1-VSmk1nZUE07cxSZmVoNbD4Ua/O4=

micromatch@^4.0.4:
  version "4.0.4"
  resolved "https://registry.yarnpkg.com/micromatch/-/micromatch-4.0.4.tgz#896d519dfe9db25fce94ceb7a500919bf881ebf9"
  integrity sha512-pRmzw/XUcwXGpD9aI9q/0XOwLNygjETJ8y0ao0wdqprrzDa4YnxLcz7fQRZr8voh8V10kGhABbNcHVk5wHgWwg==
  dependencies:
    braces "^3.0.1"
    picomatch "^2.2.3"

mime-db@1.48.0:
  version "1.48.0"
  resolved "https://registry.yarnpkg.com/mime-db/-/mime-db-1.48.0.tgz#e35b31045dd7eada3aaad537ed88a33afbef2d1d"
  integrity sha512-FM3QwxV+TnZYQ2aRqhlKBMHxk10lTbMt3bBkMAp54ddrNeVSfcQYOOKuGuy3Ddrm38I04If834fOUSq1yzslJQ==

mime-types@~2.1.24:
  version "2.1.31"
  resolved "https://registry.yarnpkg.com/mime-types/-/mime-types-2.1.31.tgz#a00d76b74317c61f9c2db2218b8e9f8e9c5c9e6b"
  integrity sha512-XGZnNzm3QvgKxa8dpzyhFTHmpP3l5YNusmne07VUOXxou9CqUqYa/HBy124RqtVh/O2pECas/MOcsDgpilPOPg==
  dependencies:
    mime-db "1.48.0"

mime@1.6.0:
  version "1.6.0"
  resolved "https://registry.yarnpkg.com/mime/-/mime-1.6.0.tgz#32cd9e5c64553bd58d19a568af452acff04981b1"
  integrity sha512-x0Vn8spI+wuJ1O6S7gnbaQg8Pxh4NNHb7KSINmEWKiPE4RKOplvijn+NkmYmmRgP68mc70j2EbeTFRsrswaQeg==

minimist@^1.2.0:
  version "1.2.5"
  resolved "https://registry.yarnpkg.com/minimist/-/minimist-1.2.5.tgz#67d66014b66a6a8aaa0c083c5fd58df4e4e97602"
  integrity sha512-FM9nNUYrRBAELZQT3xeZQ7fmMOBg6nWNmJKTcgsJeaLstP/UODVpGsr5OhXhhXg6f+qtJ8uiZ+PUxkDWcgIXLw==

ms@2.0.0:
  version "2.0.0"
  resolved "https://registry.yarnpkg.com/ms/-/ms-2.0.0.tgz#5608aeadfc00be6c2901df5f9861788de0d597c8"
  integrity sha1-VgiurfwAvmwpAd9fmGF4jeDVl8g=

ms@2.1.1:
  version "2.1.1"
  resolved "https://registry.yarnpkg.com/ms/-/ms-2.1.1.tgz#30a5864eb3ebb0a66f2ebe6d727af06a09d86e0a"
  integrity sha512-tgp+dl5cGk28utYktBsrFqA7HKgrhgPsg6Z/EfhWI4gl1Hwq8B/GmY/0oXZ6nF8hDVesS/FpnYaD/kOWhYQvyg==

nanoid@^3.1.23:
  version "3.1.23"
  resolved "https://registry.yarnpkg.com/nanoid/-/nanoid-3.1.23.tgz#f744086ce7c2bc47ee0a8472574d5c78e4183a81"
  integrity sha512-FiB0kzdP0FFVGDKlRLEQ1BgDzU87dy5NnzjeW9YZNt+/c3+q82EQDUwniSAUxp/F0gFNI1ZhKU1FqYsMuqZVnw==

negotiator@0.6.2:
  version "0.6.2"
  resolved "https://registry.yarnpkg.com/negotiator/-/negotiator-0.6.2.tgz#feacf7ccf525a77ae9634436a64883ffeca346fb"
  integrity sha512-hZXc7K2e+PgeI1eDBe/10Ard4ekbfrrqG8Ep+8Jmf4JID2bNg7NvCPOZN+kfF574pFQI7mum2AUqDidoKqcTOw==

on-finished@~2.3.0:
  version "2.3.0"
  resolved "https://registry.yarnpkg.com/on-finished/-/on-finished-2.3.0.tgz#20f1336481b083cd75337992a16971aa2d906947"
  integrity sha1-IPEzZIGwg811M3mSoWlxqi2QaUc=
  dependencies:
    ee-first "1.1.1"

parseurl@~1.3.3:
  version "1.3.3"
  resolved "https://registry.yarnpkg.com/parseurl/-/parseurl-1.3.3.tgz#9da19e7bee8d12dff0513ed5b76957793bc2e8d4"
  integrity sha512-CiyeOxFT/JZyN5m0z9PfXw4SCBJ6Sygz1Dpl0wqjlhDEGGBP1GnsUVEL0p63hoG1fcj3fHynXi9NYO4nWOL+qQ==

path-key@^3.1.0:
  version "3.1.1"
  resolved "https://registry.yarnpkg.com/path-key/-/path-key-3.1.1.tgz#581f6ade658cbba65a0d3380de7753295054f375"
  integrity sha512-ojmeN0qd+y0jszEtoY48r0Peq5dwMEkIlCOu6Q5f41lfkswXuKtYrhgoTpLnyIcHm24Uhqx+5Tqm2InSwLhE6Q==

path-parse@^1.0.6:
  version "1.0.7"
  resolved "https://registry.yarnpkg.com/path-parse/-/path-parse-1.0.7.tgz#fbc114b60ca42b30d9daf5858e4bd68bbedb6735"
  integrity sha512-LDJzPVEEEPR+y48z93A0Ed0yXb8pAByGWo/k5YYdYgpY2/2EsOsksJrq7lOHxryrVOn1ejG6oAp8ahvOIQD8sw==

path-to-regexp@0.1.7:
  version "0.1.7"
  resolved "https://registry.yarnpkg.com/path-to-regexp/-/path-to-regexp-0.1.7.tgz#df604178005f522f15eb4490e7247a1bfaa67f8c"
  integrity sha1-32BBeABfUi8V60SQ5yR6G/qmf4w=

path-to-regexp@^1.7.0:
  version "1.8.0"
  resolved "https://registry.yarnpkg.com/path-to-regexp/-/path-to-regexp-1.8.0.tgz#887b3ba9d84393e87a0a0b9f4cb756198b53548a"
  integrity sha512-n43JRhlUKUAlibEJhPeir1ncUID16QnEjNpwzNdO3Lm4ywrBpBZ5oLD0I6br9evr1Y9JTqwRtAh7JLoOzAQdVA==
  dependencies:
    isarray "0.0.1"

picomatch@^2.2.3:
  version "2.3.0"
  resolved "https://registry.yarnpkg.com/picomatch/-/picomatch-2.3.0.tgz#f1f061de8f6a4bf022892e2d128234fb98302972"
  integrity sha512-lY1Q/PiJGC2zOv/z391WOTD+Z02bCgsFfvxoXXf6h7kv9o+WmsmzYqrAwY63sNgOxE4xEdq0WyUnXfKeBrSvYw==

postcss-modules-extract-imports@^3.0.0:
  version "3.0.0"
  resolved "https://registry.yarnpkg.com/postcss-modules-extract-imports/-/postcss-modules-extract-imports-3.0.0.tgz#cda1f047c0ae80c97dbe28c3e76a43b88025741d"
  integrity sha512-bdHleFnP3kZ4NYDhuGlVK+CMrQ/pqUm8bx/oGL93K6gVwiclvX5x0n76fYMKuIGKzlABOy13zsvqjb0f92TEXw==

postcss-modules-local-by-default@^4.0.0:
  version "4.0.0"
  resolved "https://registry.yarnpkg.com/postcss-modules-local-by-default/-/postcss-modules-local-by-default-4.0.0.tgz#ebbb54fae1598eecfdf691a02b3ff3b390a5a51c"
  integrity sha512-sT7ihtmGSF9yhm6ggikHdV0hlziDTX7oFoXtuVWeDd3hHObNkcHRo9V3yg7vCAY7cONyxJC/XXCmmiHHcvX7bQ==
  dependencies:
    icss-utils "^5.0.0"
    postcss-selector-parser "^6.0.2"
    postcss-value-parser "^4.1.0"

postcss-modules-scope@^3.0.0:
  version "3.0.0"
  resolved "https://registry.yarnpkg.com/postcss-modules-scope/-/postcss-modules-scope-3.0.0.tgz#9ef3151456d3bbfa120ca44898dfca6f2fa01f06"
  integrity sha512-hncihwFA2yPath8oZ15PZqvWGkWf+XUfQgUGamS4LqoP1anQLOsOJw0vr7J7IwLpoY9fatA2qiGUGmuZL0Iqlg==
  dependencies:
    postcss-selector-parser "^6.0.4"

postcss-modules-values@^4.0.0:
  version "4.0.0"
  resolved "https://registry.yarnpkg.com/postcss-modules-values/-/postcss-modules-values-4.0.0.tgz#d7c5e7e68c3bb3c9b27cbf48ca0bb3ffb4602c9c"
  integrity sha512-RDxHkAiEGI78gS2ofyvCsu7iycRv7oqw5xMWn9iMoR0N/7mf9D50ecQqUo5BZ9Zh2vH4bCUR/ktCqbB9m8vJjQ==
  dependencies:
    icss-utils "^5.0.0"

postcss-modules@^4.0.0:
  version "4.1.3"
  resolved "https://registry.yarnpkg.com/postcss-modules/-/postcss-modules-4.1.3.tgz#c4c4c41d98d97d24c70e88dacfc97af5a4b3e21d"
  integrity sha512-dBT39hrXe4OAVYJe/2ZuIZ9BzYhOe7t+IhedYeQ2OxKwDpAGlkEN/fR0fGnrbx4BvgbMReRX4hCubYK9cE/pJQ==
  dependencies:
    generic-names "^2.0.1"
    icss-replace-symbols "^1.1.0"
    lodash.camelcase "^4.3.0"
    postcss-modules-extract-imports "^3.0.0"
    postcss-modules-local-by-default "^4.0.0"
    postcss-modules-scope "^3.0.0"
    postcss-modules-values "^4.0.0"
    string-hash "^1.1.1"

postcss-selector-parser@^6.0.2, postcss-selector-parser@^6.0.4:
  version "6.0.6"
  resolved "https://registry.yarnpkg.com/postcss-selector-parser/-/postcss-selector-parser-6.0.6.tgz#2c5bba8174ac2f6981ab631a42ab0ee54af332ea"
  integrity sha512-9LXrvaaX3+mcv5xkg5kFwqSzSH1JIObIx51PrndZwlmznwXRfxMddDvo9gve3gVR8ZTKgoFDdWkbRFmEhT4PMg==
  dependencies:
    cssesc "^3.0.0"
    util-deprecate "^1.0.2"

postcss-value-parser@^4.1.0:
  version "4.1.0"
  resolved "https://registry.yarnpkg.com/postcss-value-parser/-/postcss-value-parser-4.1.0.tgz#443f6a20ced6481a2bda4fa8532a6e55d789a2cb"
  integrity sha512-97DXOFbQJhk71ne5/Mt6cOu6yxsSfM0QGQyl0L25Gca4yGWEGJaig7l7gbCX623VqTBNGLRLaVUCnNkcedlRSQ==

postcss@^8.1.10, postcss@^8.3.5:
  version "8.3.5"
  resolved "https://registry.yarnpkg.com/postcss/-/postcss-8.3.5.tgz#982216b113412bc20a86289e91eb994952a5b709"
  integrity sha512-NxTuJocUhYGsMiMFHDUkmjSKT3EdH4/WbGF6GCi1NDGk+vbcUTun4fpbOqaPtD8IIsztA2ilZm2DhYCuyN58gA==
  dependencies:
    colorette "^1.2.2"
    nanoid "^3.1.23"
    source-map-js "^0.6.2"

proxy-addr@~2.0.5:
  version "2.0.7"
  resolved "https://registry.yarnpkg.com/proxy-addr/-/proxy-addr-2.0.7.tgz#f19fe69ceab311eeb94b42e70e8c2070f9ba1025"
  integrity sha512-llQsMLSUDUPT44jdrU/O37qlnifitDP+ZwrmmZcoSKyLKvtZxpyV0n2/bD/N4tBAAZ/gJEdZU7KMraoK1+XYAg==
  dependencies:
    forwarded "0.2.0"
    ipaddr.js "1.9.1"

qs@6.7.0:
  version "6.7.0"
  resolved "https://registry.yarnpkg.com/qs/-/qs-6.7.0.tgz#41dc1a015e3d581f1621776be31afb2876a9b1bc"
  integrity sha512-VCdBRNFTX1fyE7Nb6FYoURo/SPe62QCaAyzJvUjwRaIsc+NePBEniHlvxFmmX56+HZphIGtV0XeCirBtpDrTyQ==

queue-microtask@^1.2.2:
  version "1.2.3"
  resolved "https://registry.yarnpkg.com/queue-microtask/-/queue-microtask-1.2.3.tgz#4929228bbc724dfac43e0efb058caf7b6cfb6243"
  integrity sha512-NuaNSa6flKT5JaSYQzJok04JzTL1CA6aGhv5rfLW3PgqA+M2ChpZQnAC8h8i4ZFkBS8X5RqkDBHA7r4hej3K9A==

range-parser@~1.2.1:
  version "1.2.1"
  resolved "https://registry.yarnpkg.com/range-parser/-/range-parser-1.2.1.tgz#3cf37023d199e1c24d1a55b84800c2f3e6468031"
  integrity sha512-Hrgsx+orqoygnmhFbKaHE6c296J+HTAQXoxEF6gNupROmmGJRoyzfG3ccAveqCBrwr/2yxQ5BVd/GTl5agOwSg==

raw-body@2.4.0:
  version "2.4.0"
  resolved "https://registry.yarnpkg.com/raw-body/-/raw-body-2.4.0.tgz#a1ce6fb9c9bc356ca52e89256ab59059e13d0332"
  integrity sha512-4Oz8DUIwdvoa5qMJelxipzi/iJIi40O5cGV1wNYp5hvZP8ZN0T+jiNkL0QepXs+EsQ9XJ8ipEDoiH70ySUJP3Q==
  dependencies:
    bytes "3.1.0"
    http-errors "1.7.2"
    iconv-lite "0.4.24"
    unpipe "1.0.0"

resolve@^1.20.0:
  version "1.20.0"
  resolved "https://registry.yarnpkg.com/resolve/-/resolve-1.20.0.tgz#629a013fb3f70755d6f0b7935cc1c2c5378b1975"
  integrity sha512-wENBPt4ySzg4ybFQW2TT1zMQucPK95HSh/nq2CFTZVOGut2+pQvSsgtda4d26YrYcr067wjbmzOG8byDPBX63A==
  dependencies:
    is-core-module "^2.2.0"
    path-parse "^1.0.6"

reusify@^1.0.4:
  version "1.0.4"
  resolved "https://registry.yarnpkg.com/reusify/-/reusify-1.0.4.tgz#90da382b1e126efc02146e90845a88db12925d76"
  integrity sha512-U9nH88a3fc/ekCF1l0/UP1IosiuIjyTh7hBvXVMHYgVcfGvt897Xguj2UOLDeI5BG2m7/uwyaLVT6fbtCwTyzw==

rollup@^2.38.5:
  version "2.53.2"
  resolved "https://registry.yarnpkg.com/rollup/-/rollup-2.53.2.tgz#3279f9bfba1fe446585560802e418c5fbcaefa51"
  integrity sha512-1CtEYuS5CRCzFZ7SNW5528SlDlk4VDXIRGwbm/2POQxA/G4+7/crIqJwkmnj8Q/74hGx4oVlNvh4E1CJQ5hZ6w==
  optionalDependencies:
    fsevents "~2.3.2"

run-parallel@^1.1.9:
  version "1.2.0"
  resolved "https://registry.yarnpkg.com/run-parallel/-/run-parallel-1.2.0.tgz#66d1368da7bdf921eb9d95bd1a9229e7f21a43ee"
  integrity sha512-5l4VyZR86LZ/lDxZTR6jqL8AFE2S0IFLMP26AbjsLVADxHdhB/c0GUsH+y39UfCi3dzz8OlQuPmnaJOMoDHQBA==
  dependencies:
    queue-microtask "^1.2.2"

safe-buffer@5.1.2:
  version "5.1.2"
  resolved "https://registry.yarnpkg.com/safe-buffer/-/safe-buffer-5.1.2.tgz#991ec69d296e0313747d59bdfd2b745c35f8828d"
  integrity sha512-Gd2UZBJDkXlY7GbJxfsE8/nvKkUEU1G38c1siN6QP6a9PT9MmHB8GnpscSmMJSoF8LOIrt8ud/wPtojys4G6+g==

"safer-buffer@>= 2.1.2 < 3":
  version "2.1.2"
  resolved "https://registry.yarnpkg.com/safer-buffer/-/safer-buffer-2.1.2.tgz#44fa161b0187b9549dd84bb91802f9bd8385cd6a"
  integrity sha512-YZo3K82SD7Riyi0E1EQPojLz7kpepnSQI9IyPbHHg1XXXevb5dJI7tpyN2ADxGcQbHG7vcyRHk0cbwqcQriUtg==

send@0.17.1:
  version "0.17.1"
  resolved "https://registry.yarnpkg.com/send/-/send-0.17.1.tgz#c1d8b059f7900f7466dd4938bdc44e11ddb376c8"
  integrity sha512-BsVKsiGcQMFwT8UxypobUKyv7irCNRHk1T0G680vk88yf6LBByGcZJOTJCrTP2xVN6yI+XjPJcNuE3V4fT9sAg==
  dependencies:
    debug "2.6.9"
    depd "~1.1.2"
    destroy "~1.0.4"
    encodeurl "~1.0.2"
    escape-html "~1.0.3"
    etag "~1.8.1"
    fresh "0.5.2"
    http-errors "~1.7.2"
    mime "1.6.0"
    ms "2.1.1"
    on-finished "~2.3.0"
    range-parser "~1.2.1"
    statuses "~1.5.0"

serve-static@1.14.1:
  version "1.14.1"
  resolved "https://registry.yarnpkg.com/serve-static/-/serve-static-1.14.1.tgz#666e636dc4f010f7ef29970a88a674320898b2f9"
  integrity sha512-JMrvUwE54emCYWlTI+hGrGv5I8dEwmco/00EvkzIIsR7MqrHonbD9pO2MOfFnpFntl7ecpZs+3mW+XbQZu9QCg==
  dependencies:
    encodeurl "~1.0.2"
    escape-html "~1.0.3"
    parseurl "~1.3.3"
    send "0.17.1"

setprototypeof@1.1.1:
  version "1.1.1"
  resolved "https://registry.yarnpkg.com/setprototypeof/-/setprototypeof-1.1.1.tgz#7e95acb24aa92f5885e0abef5ba131330d4ae683"
  integrity sha512-JvdAWfbXeIGaZ9cILp38HntZSFSo3mWg6xGcJJsd+d4aRMOqauag1C63dJfDw7OaMYwEbHMOxEZ1lqVRYP2OAw==

shebang-command@^2.0.0:
  version "2.0.0"
  resolved "https://registry.yarnpkg.com/shebang-command/-/shebang-command-2.0.0.tgz#ccd0af4f8835fbdc265b82461aaf0c36663f34ea"
  integrity sha512-kHxr2zZpYtdmrN1qDjrrX/Z1rR1kG8Dx+gkpK1G4eXmvXswmcE1hTWBWYUzlraYw1/yZp6YuDY77YtvbN0dmDA==
  dependencies:
    shebang-regex "^3.0.0"

shebang-regex@^3.0.0:
  version "3.0.0"
  resolved "https://registry.yarnpkg.com/shebang-regex/-/shebang-regex-3.0.0.tgz#ae16f1644d873ecad843b0307b143362d4c42172"
  integrity sha512-7++dFhtcx3353uBaq8DDR4NuxBetBzC7ZQOhmTQInHEd6bSrXdiEyzCvG07Z44UYdLShWUyXt5M/yhz8ekcb1A==

source-map-js@^0.6.2:
  version "0.6.2"
  resolved "https://registry.yarnpkg.com/source-map-js/-/source-map-js-0.6.2.tgz#0bb5de631b41cfbda6cfba8bd05a80efdfd2385e"
  integrity sha512-/3GptzWzu0+0MBQFrDKzw/DvvMTUORvgY6k6jd/VS6iCR4RDTKWH6v6WPwQoUO8667uQEf9Oe38DxAYWY5F/Ug==

source-map@^0.6.1:
  version "0.6.1"
  resolved "https://registry.yarnpkg.com/source-map/-/source-map-0.6.1.tgz#74722af32e9614e9c287a8d0bbde48b5e2f1a263"
  integrity sha512-UjgapumWlbMhkBgzT7Ykc5YXUT46F0iKu8SGXq0bcwP5dz/h0Plj6enJqjz1Zbq2l5WaqYnrVbwWOWMyF3F47g==

sourcemap-codec@^1.4.4:
  version "1.4.8"
  resolved "https://registry.yarnpkg.com/sourcemap-codec/-/sourcemap-codec-1.4.8.tgz#ea804bd94857402e6992d05a38ef1ae35a9ab4c4"
  integrity sha512-9NykojV5Uih4lgo5So5dtw+f0JgJX30KCNI8gwhz2J9A15wD0Ml6tjHKwf6fTSa6fAdVBdZeNOs9eJ71qCk8vA==

"statuses@>= 1.5.0 < 2", statuses@~1.5.0:
  version "1.5.0"
  resolved "https://registry.yarnpkg.com/statuses/-/statuses-1.5.0.tgz#161c7dac177659fd9811f43771fa99381478628c"
  integrity sha1-Fhx9rBd2Wf2YEfQ3cfqZOBR4Yow=

string-hash@^1.1.1:
  version "1.1.3"
  resolved "https://registry.yarnpkg.com/string-hash/-/string-hash-1.1.3.tgz#e8aafc0ac1855b4666929ed7dd1275df5d6c811b"
  integrity sha1-6Kr8CsGFW0Zmkp7X3RJ1311sgRs=

to-fast-properties@^2.0.0:
  version "2.0.0"
  resolved "https://registry.yarnpkg.com/to-fast-properties/-/to-fast-properties-2.0.0.tgz#dc5e698cbd079265bc73e0377681a4e4e83f616e"
  integrity sha1-3F5pjL0HkmW8c+A3doGk5Og/YW4=

to-regex-range@^5.0.1:
  version "5.0.1"
  resolved "https://registry.yarnpkg.com/to-regex-range/-/to-regex-range-5.0.1.tgz#1648c44aae7c8d988a326018ed72f5b4dd0392e4"
  integrity sha512-65P7iz6X5yEr1cwcgvQxbbIw7Uk3gOy5dIdtZ4rDveLqhrdJP+Li/Hx6tyK0NEb+2GCyneCMJiGqrADCSNk8sQ==
  dependencies:
    is-number "^7.0.0"

toidentifier@1.0.0:
  version "1.0.0"
  resolved "https://registry.yarnpkg.com/toidentifier/-/toidentifier-1.0.0.tgz#7e1be3470f1e77948bc43d94a3c8f4d7752ba553"
  integrity sha512-yaOH/Pk/VEhBWWTlhI+qXxDFXlejDGcQipMlyxda9nthulaxLZUNcUqFxokp0vcYnvteJln5FNQDRrxj3YcbVw==

type-is@~1.6.17, type-is@~1.6.18:
  version "1.6.18"
  resolved "https://registry.yarnpkg.com/type-is/-/type-is-1.6.18.tgz#4e552cd05df09467dcbc4ef739de89f2cf37c131"
  integrity sha512-TkRKr9sUTxEH8MdfuCSP7VizJyzRNMjj2J2do2Jr3Kym598JVdEksuzPQCnlFPW4ky9Q+iA+ma9BGm06XQBy8g==
  dependencies:
    media-typer "0.3.0"
    mime-types "~2.1.24"

unpipe@1.0.0, unpipe@~1.0.0:
  version "1.0.0"
  resolved "https://registry.yarnpkg.com/unpipe/-/unpipe-1.0.0.tgz#b2bf4ee8514aae6165b4817829d21b2ef49904ec"
  integrity sha1-sr9O6FFKrmFltIF4KdIbLvSZBOw=

util-deprecate@^1.0.2:
  version "1.0.2"
  resolved "https://registry.yarnpkg.com/util-deprecate/-/util-deprecate-1.0.2.tgz#450d4dc9fa70de732762fbd2d4a28981419a0ccf"
  integrity sha1-RQ1Nyfpw3nMnYvvS1KKJgUGaDM8=

utils-merge@1.0.1:
  version "1.0.1"
  resolved "https://registry.yarnpkg.com/utils-merge/-/utils-merge-1.0.1.tgz#9f95710f50a267947b2ccc124741c1028427e713"
  integrity sha1-n5VxD1CiZ5R7LMwSR0HBAoQn5xM=

vary@~1.1.2:
  version "1.1.2"
  resolved "https://registry.yarnpkg.com/vary/-/vary-1.1.2.tgz#2299f02c6ded30d4a5961b0b9f74524a18f634fc"
  integrity sha1-IpnwLG3tMNSllhsLn3RSShj2NPw=

vite-plugin-ssr@^0.2.0-beta.0:
  version "0.2.0-beta.0"
  resolved "https://registry.yarnpkg.com/vite-plugin-ssr/-/vite-plugin-ssr-0.2.0-beta.0.tgz#f0b8a867d91f6625cf5bac7a5e79852db17de44a"
  integrity sha512-sjtYIajZsxNe+iE5zTF42uGfpAaIgs/TVdDotBb4A3an8MbrW7/MurwM7YuXDTCYG2GWWCm/BJIpoJULQfuG9Q==
  dependencies:
    "@brillout/json-s" "^0.2.0"
    "@brillout/libassert" "^0.4.2"
    "@brillout/path-to-regexp" "^0.1.2"
    cac "^6.7.3"
    devalue "^2.0.1"
    fast-glob "^3.2.5"
    kolorist "^1.4.1"

vite@^2.3.6:
  version "2.4.2"
  resolved "https://registry.yarnpkg.com/vite/-/vite-2.4.2.tgz#07d00615775c808530bc9f65641062b349b67929"
  integrity sha512-2MifxD2I9fjyDmmEzbULOo3kOUoqX90A58cT6mECxoVQlMYFuijZsPQBuA14mqSwvV3ydUsqnq+BRWXyO9Qa+w==
  dependencies:
    esbuild "^0.12.8"
    postcss "^8.3.5"
    resolve "^1.20.0"
    rollup "^2.38.5"
  optionalDependencies:
    fsevents "~2.3.2"

vue@^3.0.11:
  version "3.1.4"
  resolved "https://registry.yarnpkg.com/vue/-/vue-3.1.4.tgz#120d6818c51eaa35d0879e5bc1cff60135bc69fd"
  integrity sha512-p8dcdyeCgmaAiZsbLyDkmOLcFGZb/jEVdCLW65V68LRCXTNX8jKsgah2F7OZ/v/Ai2V0Fb1MNO0vz/GFqsPVMA==
  dependencies:
    "@vue/compiler-dom" "3.1.4"
    "@vue/runtime-dom" "3.1.4"
    "@vue/shared" "3.1.4"

which@^2.0.1:
  version "2.0.2"
  resolved "https://registry.yarnpkg.com/which/-/which-2.0.2.tgz#7c6a8dd0a636a0327e10b59c9286eee93f3f51b1"
  integrity sha512-BLI3Tl1TW3Pvl70l3yq3Y64i+awpwXqsGBYWkkqMtnbXgrMD+yj7rhW0kuEDxzJaYXGjEW5ogapKNMEKNMjibA==
  dependencies:
    isexe "^2.0.0"

yallist@^3.0.2:
  version "3.1.1"
  resolved "https://registry.yarnpkg.com/yallist/-/yallist-3.1.1.tgz#dbb7daf9bfd8bac9ab45ebf602b8cbad0d5d08fd"
  integrity sha512-a4UGQaWPH59mOXUYnAG2ewncQS4i4F43Tv3JoAM+s2VDAmS9NsK8GpDMLrCHPksFT7h3K6TOoUNn2pb7RoXx4g==
