{
  "name": "react-minimal",
  "lockfileVersion": 3,
  "requires": true,
  "packages": {
    "": {
      "dependencies": {
        "@vitejs/plugin-react": "^4.7.0",
        "react": "18.2.0",
        "react-dom": "18.2.0",
        "vike": "0.4.240"
      }
    },
    "../../node_modules/.pnpm/@brillout+import@0.2.6/node_modules/@brillout/import": {
      "version": "0.2.6",
      "license": "MIT",
      "devDependencies": {
        "@types/node": "^18.11.9",
        "typescript": "^4.9.3"
      }
    },
    "../../node_modules/.pnpm/@brillout+json-serializer@0.5.21/node_modules/@brillout/json-serializer": {
      "version": "0.5.21",
      "license": "MIT",
      "devDependencies": {
        "@biomejs/biome": "^1.7.2",
        "@brillout/mdocs": "^0.1.30",
        "@brillout/release-me": "^0.4.7",
        "@types/node": "^24.0.10",
        "@types/react": "^18.2.21",
        "lodash.isequal": "^4.5.0",
        "prettier": "^3.2.5",
        "react": "^17.0.2",
        "typescript": "^5.8.3",
        "vitest": "^0.34.3"
      }
    },
    "../../node_modules/.pnpm/@brillout+picocolors@1.0.28/node_modules/@brillout/picocolors": {
      "version": "1.0.28",
      "license": "ISC",
      "devDependencies": {
        "@types/node": "18.11.9",
        "ansi-colors": "^4.1.1",
        "benchmark": "^2.1.4",
        "chalk": "^4.1.2",
        "clean-publish": "^3.0.3",
        "cli-color": "^2.0.0",
        "colorette": "^2.0.12",
        "kleur": "^4.1.4",
        "nanocolors": "^0.2.12",
        "prettier": "^2.4.1",
        "typescript": "^4.9.5"
      }
    },
    "../../node_modules/.pnpm/@brillout+release-me@0.4.3/node_modules/@brillout/release-me": {
      "version": "0.4.3",
      "dev": true,
      "license": "MIT",
      "dependencies": {
        "@brillout/picocolors": "^1.0.12",
        "commander": "^11.1.0",
        "conventional-changelog": "^5.1.0",
        "execa": "^5.1.1",
        "semver": "^7.5.4"
      },
      "bin": {
        "release-me": "bin.js"
      },
      "devDependencies": {
        "@biomejs/biome": "^1.5.3",
        "@brillout/release-me": "link:./",
        "@types/conventional-changelog": "^3.1.3",
        "@types/node": "^20.8.5",
        "@types/semver": "^7.5.3",
        "prettier": "^2.8.7",
        "typescript": "^5.4.5"
      }
    },
    "../../node_modules/.pnpm/@brillout+require-shim@0.1.2/node_modules/@brillout/require-shim": {
      "version": "0.1.2",
      "license": "MIT",
      "devDependencies": {
        "@types/node": "^18.11.9",
        "typescript": "^4.9.3"
      }
    },
    "../../node_modules/.pnpm/@brillout+vite-plugin-server-entry@0.7.15/node_modules/@brillout/vite-plugin-server-entry": {
      "version": "0.7.15",
      "license": "MIT",
      "dependencies": {
        "@brillout/import": "^0.2.6",
        "@brillout/picocolors": "^1.0.26"
      },
      "devDependencies": {
        "@biomejs/biome": "^1.8.3",
        "@brillout/release-me": "^0.4.0",
        "@types/node": "^15.12.2",
        "prettier": "^3.3.3",
        "typescript": "^5.7.3",
        "vite": "^7.1.3"
      }
    },
    "../../node_modules/.pnpm/@types+estree@1.0.7/node_modules/@types/estree": {
      "version": "1.0.7",
      "dev": true,
      "license": "MIT"
    },
    "../../node_modules/.pnpm/@types+node@20.17.17/node_modules/@types/node": {
      "version": "20.17.17",
      "dev": true,
      "license": "MIT",
      "dependencies": {
        "undici-types": "~6.19.2"
      }
    },
    "../../node_modules/.pnpm/@types+picomatch@3.0.2/node_modules/@types/picomatch": {
      "version": "3.0.2",
      "dev": true,
      "license": "MIT"
    },
    "../../node_modules/.pnpm/@types+semver@7.5.8/node_modules/@types/semver": {
      "version": "7.5.8",
      "dev": true,
      "license": "MIT"
    },
    "../../node_modules/.pnpm/@types+source-map-support@0.5.10/node_modules/@types/source-map-support": {
      "version": "0.5.10",
      "dev": true,
      "license": "MIT",
      "dependencies": {
        "source-map": "^0.6.0"
      }
    },
    "../../node_modules/.pnpm/@vitejs+plugin-react@4.7.0_vite@7.1.5_@types+node@24.3.1_terser@5.38.1_tsx@4.20.3_/node_modules/@vitejs/plugin-react": {
      "version": "4.7.0",
      "license": "MIT",
      "dependencies": {
        "@babel/core": "^7.28.0",
        "@babel/plugin-transform-react-jsx-self": "^7.27.1",
        "@babel/plugin-transform-react-jsx-source": "^7.27.1",
        "@rolldown/pluginutils": "1.0.0-beta.27",
        "@types/babel__core": "^7.20.5",
        "react-refresh": "^0.17.0"
      },
      "devDependencies": {
        "@vitejs/react-common": "workspace:*",
        "babel-plugin-react-compiler": "19.1.0-rc.2",
        "react": "^19.1.0",
        "react-dom": "^19.1.0",
        "rolldown": "1.0.0-beta.27",
        "tsdown": "^0.12.9",
        "vitest": "^3.2.4"
      },
      "engines": {
        "node": "^14.18.0 || >=16.0.0"
      },
      "peerDependencies": {
        "vite": "^4.2.0 || ^5.0.0 || ^6.0.0 || ^7.0.0"
      }
    },
    "../../node_modules/.pnpm/acorn@8.14.1/node_modules/acorn": {
      "version": "8.14.1",
      "license": "MIT",
      "bin": {
        "acorn": "bin/acorn"
      },
      "engines": {
        "node": ">=0.4.0"
      }
    },
    "../../node_modules/.pnpm/cac@6.7.14/node_modules/cac": {
      "version": "6.7.14",
      "license": "MIT",
      "devDependencies": {
        "@babel/core": "^7.12.10",
        "@babel/plugin-syntax-typescript": "^7.12.1",
        "@rollup/plugin-commonjs": "^17.0.0",
        "@rollup/plugin-node-resolve": "^11.0.0",
        "@types/fs-extra": "^9.0.5",
        "@types/jest": "^26.0.19",
        "@types/mri": "^1.1.0",
        "cz-conventional-changelog": "^2.1.0",
        "esbuild": "^0.8.21",
        "eslint-config-rem": "^3.0.0",
        "execa": "^5.0.0",
        "fs-extra": "^9.0.1",
        "globby": "^11.0.1",
        "husky": "^1.2.0",
        "jest": "^24.9.0",
        "lint-staged": "^8.1.0",
        "markdown-toc": "^1.2.0",
        "mri": "^1.1.6",
        "prettier": "^2.2.1",
        "rollup": "^2.34.2",
        "rollup-plugin-dts": "^2.0.1",
        "rollup-plugin-esbuild": "^2.6.1",
        "semantic-release": "^17.3.0",
        "sucrase": "^3.16.0",
        "ts-jest": "^26.4.4",
        "ts-node": "^9.1.1",
        "typedoc": "^0.19.2",
        "typescript": "^4.1.2"
      },
      "engines": {
        "node": ">=8"
      }
    },
    "../../node_modules/.pnpm/es-module-lexer@1.7.0/node_modules/es-module-lexer": {
      "version": "1.7.0",
      "license": "MIT",
      "devDependencies": {
        "@babel/cli": "^7.5.5",
        "@babel/core": "^7.5.5",
        "@babel/plugin-transform-modules-commonjs": "^7.5.0",
        "@swc/cli": "^0.1.57",
        "@swc/core": "^1.2.224",
        "@types/node": "^18.7.1",
        "kleur": "^2.0.2",
        "mocha": "^5.2.0",
        "terser": "^5.19.4",
        "typescript": "^4.7.4"
      }
    },
    "../../node_modules/.pnpm/esbuild@0.25.4/node_modules/esbuild": {
      "version": "0.25.4",
      "hasInstallScript": true,
      "license": "MIT",
      "bin": {
        "esbuild": "bin/esbuild"
      },
      "engines": {
        "node": ">=18"
      },
      "optionalDependencies": {
        "@esbuild/aix-ppc64": "0.25.4",
        "@esbuild/android-arm": "0.25.4",
        "@esbuild/android-arm64": "0.25.4",
        "@esbuild/android-x64": "0.25.4",
        "@esbuild/darwin-arm64": "0.25.4",
        "@esbuild/darwin-x64": "0.25.4",
        "@esbuild/freebsd-arm64": "0.25.4",
        "@esbuild/freebsd-x64": "0.25.4",
        "@esbuild/linux-arm": "0.25.4",
        "@esbuild/linux-arm64": "0.25.4",
        "@esbuild/linux-ia32": "0.25.4",
        "@esbuild/linux-loong64": "0.25.4",
        "@esbuild/linux-mips64el": "0.25.4",
        "@esbuild/linux-ppc64": "0.25.4",
        "@esbuild/linux-riscv64": "0.25.4",
        "@esbuild/linux-s390x": "0.25.4",
        "@esbuild/linux-x64": "0.25.4",
        "@esbuild/netbsd-arm64": "0.25.4",
        "@esbuild/netbsd-x64": "0.25.4",
        "@esbuild/openbsd-arm64": "0.25.4",
        "@esbuild/openbsd-x64": "0.25.4",
        "@esbuild/sunos-x64": "0.25.4",
        "@esbuild/win32-arm64": "0.25.4",
        "@esbuild/win32-ia32": "0.25.4",
        "@esbuild/win32-x64": "0.25.4"
      }
    },
    "../../node_modules/.pnpm/json5@2.2.3/node_modules/json5": {
      "version": "2.2.3",
      "license": "MIT",
      "bin": {
        "json5": "lib/cli.js"
      },
      "devDependencies": {
        "core-js": "^2.6.5",
        "eslint": "^5.15.3",
        "eslint-config-standard": "^12.0.0",
        "eslint-plugin-import": "^2.16.0",
        "eslint-plugin-node": "^8.0.1",
        "eslint-plugin-promise": "^4.0.1",
        "eslint-plugin-standard": "^4.0.0",
        "npm-run-all": "^4.1.5",
        "regenerate": "^1.4.0",
        "rollup": "^0.64.1",
        "rollup-plugin-buble": "^0.19.6",
        "rollup-plugin-commonjs": "^9.2.1",
        "rollup-plugin-node-resolve": "^3.4.0",
        "rollup-plugin-terser": "^1.0.1",
        "sinon": "^6.3.5",
        "tap": "^12.6.0",
        "unicode-10.0.0": "^0.7.5"
      },
      "engines": {
        "node": ">=6"
      }
    },
    "../../node_modules/.pnpm/magic-string@0.30.17/node_modules/magic-string": {
      "version": "0.30.17",
      "license": "MIT",
      "dependencies": {
        "@jridgewell/sourcemap-codec": "^1.5.0"
      },
      "devDependencies": {
        "@eslint/js": "^9.16.0",
        "@rollup/plugin-node-resolve": "^15.3.0",
        "@rollup/plugin-replace": "^5.0.7",
        "benchmark": "^2.1.4",
        "bumpp": "^9.9.1",
        "conventional-changelog-cli": "^3.0.0",
        "eslint": "^9.16.0",
        "prettier": "^3.4.2",
        "publint": "^0.2.12",
        "rollup": "^3.29.5",
        "source-map-js": "^1.2.1",
        "source-map-support": "^0.5.21",
        "vitest": "^2.1.8"
      }
    },
    "../../node_modules/.pnpm/picomatch@4.0.2/node_modules/picomatch": {
      "version": "4.0.2",
      "license": "MIT",
      "devDependencies": {
        "eslint": "^8.57.0",
        "fill-range": "^7.0.1",
        "gulp-format-md": "^2.0.0",
        "mocha": "^10.4.0",
        "nyc": "^15.1.0",
        "time-require": "github:jonschlinkert/time-require"
      },
      "engines": {
        "node": ">=12"
      },
      "funding": {
        "url": "https://github.com/sponsors/jonschlinkert"
      }
    },
    "../../node_modules/.pnpm/react-dom@18.2.0_react@18.2.0/node_modules/react-dom": {
      "version": "18.2.0",
      "license": "MIT",
      "dependencies": {
        "loose-envify": "^1.1.0",
        "scheduler": "^0.23.0"
      },
      "peerDependencies": {
        "react": "^18.2.0"
      }
    },
    "../../node_modules/.pnpm/react-streaming@0.4.3_react-dom@19.1.1_react@19.1.1__react@19.1.1/node_modules/react-streaming": {
      "version": "0.4.3",
      "dev": true,
      "license": "MIT",
      "dependencies": {
        "@brillout/import": "^0.2.3",
        "@brillout/json-serializer": "^0.5.1",
        "@brillout/picocolors": "^1.0.11",
        "isbot-fast": "1.2.0"
      },
      "devDependencies": {
        "@biomejs/biome": "^1.7.0",
        "@brillout/part-regex": "^0.1.2",
        "@brillout/release-me": "^0.4.0",
        "@types/node": "^15.12.2",
        "@types/react": "^19.0.10",
        "@types/react-dom": "^19.0.4",
        "prettier": "^3.2.5",
        "react": "19.0.0",
        "react-dom": "19.0.0",
        "typescript": "^4.8.3",
        "vitest": "^3.0.8"
      },
      "peerDependencies": {
        "react": ">=19",
        "react-dom": ">=19"
      }
    },
    "../../node_modules/.pnpm/react@18.2.0/node_modules/react": {
      "version": "18.2.0",
      "license": "MIT",
      "dependencies": {
        "loose-envify": "^1.1.0"
      },
      "engines": {
        "node": ">=0.10.0"
      }
    },
    "../../node_modules/.pnpm/rimraf@5.0.10/node_modules/rimraf": {
      "version": "5.0.10",
      "dev": true,
      "license": "ISC",
      "dependencies": {
        "glob": "^10.3.7"
      },
      "bin": {
        "rimraf": "dist/esm/bin.mjs"
      },
      "devDependencies": {
        "@types/node": "^20.12.11",
        "mkdirp": "^3.0.1",
        "prettier": "^3.2.5",
        "tap": "^19.0.1",
        "tshy": "^1.14.0",
        "typedoc": "^0.25.13",
        "typescript": "^5.4.5"
      },
      "funding": {
        "url": "https://github.com/sponsors/isaacs"
      }
    },
    "../../node_modules/.pnpm/semver@7.7.1/node_modules/semver": {
      "version": "7.7.1",
      "license": "ISC",
      "bin": {
        "semver": "bin/semver.js"
      },
      "devDependencies": {
        "@npmcli/eslint-config": "^5.0.0",
        "@npmcli/template-oss": "4.23.4",
        "benchmark": "^2.1.4",
        "tap": "^16.0.0"
      },
      "engines": {
        "node": ">=10"
      }
    },
    "../../node_modules/.pnpm/sirv@3.0.1/node_modules/sirv": {
      "version": "3.0.1",
      "license": "MIT",
      "dependencies": {
        "@polka/url": "^1.0.0-next.24",
        "mrmime": "^2.0.0",
        "totalist": "^3.0.0"
      },
      "engines": {
        "node": ">=18"
      }
    },
    "../../node_modules/.pnpm/source-map-support@0.5.21/node_modules/source-map-support": {
      "version": "0.5.21",
      "license": "MIT",
      "dependencies": {
        "buffer-from": "^1.0.0",
        "source-map": "^0.6.0"
      },
      "devDependencies": {
        "browserify": "^4.2.3",
        "coffeescript": "^1.12.7",
        "http-server": "^0.11.1",
        "mocha": "^3.5.3",
        "webpack": "^1.15.0"
      }
    },
    "../../node_modules/.pnpm/tinyglobby@0.2.13/node_modules/tinyglobby": {
      "version": "0.2.13",
      "license": "MIT",
      "dependencies": {
        "fdir": "^6.4.4",
        "picomatch": "^4.0.2"
      },
      "devDependencies": {
        "@biomejs/biome": "^1.9.4",
        "@types/node": "^22.14.1",
        "@types/picomatch": "^4.0.0",
        "fs-fixture": "^2.7.1",
        "tsup": "^8.4.0",
        "typescript": "^5.8.3"
      },
      "engines": {
        "node": ">=12.0.0"
      },
      "funding": {
        "url": "https://github.com/sponsors/SuperchupuDev"
      }
    },
    "../../node_modules/.pnpm/typescript@5.9.2/node_modules/typescript": {
      "version": "5.9.2",
      "dev": true,
      "license": "Apache-2.0",
      "bin": {
        "tsc": "bin/tsc",
        "tsserver": "bin/tsserver"
      },
      "devDependencies": {
        "@dprint/formatter": "^0.4.1",
        "@dprint/typescript": "0.93.4",
        "@esfx/canceltoken": "^1.0.0",
        "@eslint/js": "^9.20.0",
        "@octokit/rest": "^21.1.1",
        "@types/chai": "^4.3.20",
        "@types/diff": "^7.0.1",
        "@types/minimist": "^1.2.5",
        "@types/mocha": "^10.0.10",
        "@types/ms": "^0.7.34",
        "@types/node": "latest",
        "@types/source-map-support": "^0.5.10",
        "@types/which": "^3.0.4",
        "@typescript-eslint/rule-tester": "^8.24.1",
        "@typescript-eslint/type-utils": "^8.24.1",
        "@typescript-eslint/utils": "^8.24.1",
        "azure-devops-node-api": "^14.1.0",
        "c8": "^10.1.3",
        "chai": "^4.5.0",
        "chokidar": "^4.0.3",
        "diff": "^7.0.0",
        "dprint": "^0.49.0",
        "esbuild": "^0.25.0",
        "eslint": "^9.20.1",
        "eslint-formatter-autolinkable-stylish": "^1.4.0",
        "eslint-plugin-regexp": "^2.7.0",
        "fast-xml-parser": "^4.5.2",
        "glob": "^10.4.5",
        "globals": "^15.15.0",
        "hereby": "^1.10.0",
        "jsonc-parser": "^3.3.1",
        "knip": "^5.44.4",
        "minimist": "^1.2.8",
        "mocha": "^10.8.2",
        "mocha-fivemat-progress-reporter": "^0.1.0",
        "monocart-coverage-reports": "^2.12.1",
        "ms": "^2.1.3",
        "picocolors": "^1.1.1",
        "playwright": "^1.50.1",
        "source-map-support": "^0.5.21",
        "tslib": "^2.8.1",
        "typescript": "^5.7.3",
        "typescript-eslint": "^8.24.1",
        "which": "^3.0.1"
      },
      "engines": {
        "node": ">=14.17"
      }
    },
    "../../node_modules/.pnpm/vite@7.1.5_@types+node@20.17.17_terser@5.38.1_tsx@4.20.3/node_modules/vite": {
      "version": "7.1.5",
      "dev": true,
      "license": "MIT",
      "dependencies": {
        "esbuild": "^0.25.0",
        "fdir": "^6.5.0",
        "picomatch": "^4.0.3",
        "postcss": "^8.5.6",
        "rollup": "^4.43.0",
        "tinyglobby": "^0.2.15"
      },
      "bin": {
        "vite": "bin/vite.js"
      },
      "devDependencies": {
        "@babel/parser": "^7.28.4",
        "@jridgewell/remapping": "^2.3.5",
        "@jridgewell/trace-mapping": "^0.3.30",
        "@oxc-project/types": "0.81.0",
        "@polka/compression": "^1.0.0-next.25",
        "@rolldown/pluginutils": "^1.0.0-beta.35",
        "@rollup/plugin-alias": "^5.1.1",
        "@rollup/plugin-commonjs": "^28.0.6",
        "@rollup/plugin-dynamic-import-vars": "2.1.4",
        "@rollup/pluginutils": "^5.3.0",
        "@types/escape-html": "^1.0.4",
        "@types/pnpapi": "^0.0.5",
        "artichokie": "^0.4.0",
        "baseline-browser-mapping": "^2.7.4",
        "cac": "^6.7.14",
        "chokidar": "^3.6.0",
        "connect": "^3.7.0",
        "convert-source-map": "^2.0.0",
        "cors": "^2.8.5",
        "cross-spawn": "^7.0.6",
        "debug": "^4.4.1",
        "dep-types": "link:./src/types",
        "dotenv": "^17.2.2",
        "dotenv-expand": "^12.0.3",
        "es-module-lexer": "^1.7.0",
        "escape-html": "^1.0.3",
        "estree-walker": "^3.0.3",
        "etag": "^1.8.1",
        "host-validation-middleware": "^0.1.1",
        "http-proxy-3": "^1.21.0",
        "launch-editor-middleware": "^2.11.1",
        "lightningcss": "^1.30.1",
        "magic-string": "^0.30.18",
        "mlly": "^1.8.0",
        "mrmime": "^2.0.1",
        "nanoid": "^5.1.5",
        "open": "^10.2.0",
        "parse5": "^8.0.0",
        "pathe": "^2.0.3",
        "periscopic": "^4.0.2",
        "picocolors": "^1.1.1",
        "postcss-import": "^16.1.1",
        "postcss-load-config": "^6.0.1",
        "postcss-modules": "^6.0.1",
        "premove": "^4.0.0",
        "resolve.exports": "^2.0.3",
        "rolldown": "^1.0.0-beta.32",
        "rolldown-plugin-dts": "^0.15.6",
        "rollup-plugin-license": "^3.6.0",
        "sass": "^1.92.1",
        "sass-embedded": "^1.92.1",
        "sirv": "^3.0.2",
        "strip-literal": "^3.0.0",
        "terser": "^5.44.0",
        "tsconfck": "^3.1.6",
        "types": "link:./types",
        "ufo": "^1.6.1",
        "ws": "^8.18.3"
      },
      "engines": {
        "node": "^20.19.0 || >=22.12.0"
      },
      "funding": {
        "url": "https://github.com/vitejs/vite?sponsor=1"
      },
      "optionalDependencies": {
        "fsevents": "~2.3.3"
      },
      "peerDependencies": {
        "@types/node": "^20.19.0 || >=22.12.0",
        "jiti": ">=1.21.0",
        "less": "^4.0.0",
        "lightningcss": "^1.21.0",
        "sass": "^1.70.0",
        "sass-embedded": "^1.70.0",
        "stylus": ">=0.54.8",
        "sugarss": "^5.0.0",
        "terser": "^5.16.0",
        "tsx": "^4.8.1",
        "yaml": "^2.4.2"
      },
      "peerDependenciesMeta": {
        "@types/node": {
          "optional": true
        },
        "jiti": {
          "optional": true
        },
        "less": {
          "optional": true
        },
        "lightningcss": {
          "optional": true
        },
        "sass": {
          "optional": true
        },
        "sass-embedded": {
          "optional": true
        },
        "stylus": {
          "optional": true
        },
        "sugarss": {
          "optional": true
        },
        "terser": {
          "optional": true
        },
        "tsx": {
          "optional": true
        },
        "yaml": {
          "optional": true
        }
      }
    },
    "../../packages/vike": {
      "version": "0.4.240",
      "license": "MIT",
      "dependencies": {
        "@brillout/import": "^0.2.6",
        "@brillout/json-serializer": "^0.5.21",
        "@brillout/picocolors": "^1.0.26",
        "@brillout/require-shim": "^0.1.2",
        "@brillout/vite-plugin-server-entry": "^0.7.15",
        "acorn": "^8.0.0",
        "cac": "^6.0.0",
        "es-module-lexer": "^1.0.0",
        "esbuild": ">=0.19.0",
        "json5": "^2.0.0",
        "magic-string": "^0.30.17",
        "picomatch": "^4.0.2",
        "semver": "^7.0.0",
        "sirv": "^3.0.1",
        "source-map-support": "^0.5.0",
        "tinyglobby": "^0.2.10",
        "vite": ">=6.3.0"
      },
      "bin": {
        "vike": "node/cli/bin.js"
      },
      "devDependencies": {
        "@brillout/release-me": "^0.4.2",
        "@types/estree": "^1.0.5",
        "@types/node": "^20.10.5",
        "@types/picomatch": "^3.0.2",
        "@types/semver": "^7.5.8",
        "@types/source-map-support": "^0.5.10",
        "react-streaming": "^0.4.3",
        "rimraf": "^5.0.5",
        "typescript": "^5.9.2",
        "vite": "^7.1.5"
      },
      "engines": {
        "node": ">=20.19.0"
      },
      "peerDependencies": {
        "react-streaming": ">=0.3.42",
        "vite": ">=6.3.0"
      },
      "peerDependenciesMeta": {
        "react-streaming": {
          "optional": true
        },
        "vite": {
          "optional": true
        }
      }
    },
    "../../packages/vike/node_modules/@brillout/import": {
      "resolved": "../../node_modules/.pnpm/@brillout+import@0.2.6/node_modules/@brillout/import",
      "link": true
    },
    "../../packages/vike/node_modules/@brillout/json-serializer": {
      "resolved": "../../node_modules/.pnpm/@brillout+json-serializer@0.5.21/node_modules/@brillout/json-serializer",
      "link": true
    },
    "../../packages/vike/node_modules/@brillout/picocolors": {
      "resolved": "../../node_modules/.pnpm/@brillout+picocolors@1.0.28/node_modules/@brillout/picocolors",
      "link": true
    },
    "../../packages/vike/node_modules/@brillout/release-me": {
      "resolved": "../../node_modules/.pnpm/@brillout+release-me@0.4.3/node_modules/@brillout/release-me",
      "link": true
    },
    "../../packages/vike/node_modules/@brillout/require-shim": {
      "resolved": "../../node_modules/.pnpm/@brillout+require-shim@0.1.2/node_modules/@brillout/require-shim",
      "link": true
    },
    "../../packages/vike/node_modules/@brillout/vite-plugin-server-entry": {
      "resolved": "../../node_modules/.pnpm/@brillout+vite-plugin-server-entry@0.7.15/node_modules/@brillout/vite-plugin-server-entry",
      "link": true
    },
    "../../packages/vike/node_modules/@types/estree": {
      "resolved": "../../node_modules/.pnpm/@types+estree@1.0.7/node_modules/@types/estree",
      "link": true
    },
    "../../packages/vike/node_modules/@types/node": {
      "resolved": "../../node_modules/.pnpm/@types+node@20.17.17/node_modules/@types/node",
      "link": true
    },
    "../../packages/vike/node_modules/@types/picomatch": {
      "resolved": "../../node_modules/.pnpm/@types+picomatch@3.0.2/node_modules/@types/picomatch",
      "link": true
    },
    "../../packages/vike/node_modules/@types/semver": {
      "resolved": "../../node_modules/.pnpm/@types+semver@7.5.8/node_modules/@types/semver",
      "link": true
    },
    "../../packages/vike/node_modules/@types/source-map-support": {
      "resolved": "../../node_modules/.pnpm/@types+source-map-support@0.5.10/node_modules/@types/source-map-support",
      "link": true
    },
    "../../packages/vike/node_modules/acorn": {
      "resolved": "../../node_modules/.pnpm/acorn@8.14.1/node_modules/acorn",
      "link": true
    },
    "../../packages/vike/node_modules/cac": {
      "resolved": "../../node_modules/.pnpm/cac@6.7.14/node_modules/cac",
      "link": true
    },
    "../../packages/vike/node_modules/es-module-lexer": {
      "resolved": "../../node_modules/.pnpm/es-module-lexer@1.7.0/node_modules/es-module-lexer",
      "link": true
    },
    "../../packages/vike/node_modules/esbuild": {
      "resolved": "../../node_modules/.pnpm/esbuild@0.25.4/node_modules/esbuild",
      "link": true
    },
    "../../packages/vike/node_modules/json5": {
      "resolved": "../../node_modules/.pnpm/json5@2.2.3/node_modules/json5",
      "link": true
    },
    "../../packages/vike/node_modules/magic-string": {
      "resolved": "../../node_modules/.pnpm/magic-string@0.30.17/node_modules/magic-string",
      "link": true
    },
    "../../packages/vike/node_modules/picomatch": {
      "resolved": "../../node_modules/.pnpm/picomatch@4.0.2/node_modules/picomatch",
      "link": true
    },
    "../../packages/vike/node_modules/react-streaming": {
      "resolved": "../../node_modules/.pnpm/react-streaming@0.4.3_react-dom@19.1.1_react@19.1.1__react@19.1.1/node_modules/react-streaming",
      "link": true
    },
    "../../packages/vike/node_modules/rimraf": {
      "resolved": "../../node_modules/.pnpm/rimraf@5.0.10/node_modules/rimraf",
      "link": true
    },
    "../../packages/vike/node_modules/semver": {
      "resolved": "../../node_modules/.pnpm/semver@7.7.1/node_modules/semver",
      "link": true
    },
    "../../packages/vike/node_modules/sirv": {
      "resolved": "../../node_modules/.pnpm/sirv@3.0.1/node_modules/sirv",
      "link": true
    },
    "../../packages/vike/node_modules/source-map-support": {
      "resolved": "../../node_modules/.pnpm/source-map-support@0.5.21/node_modules/source-map-support",
      "link": true
    },
    "../../packages/vike/node_modules/tinyglobby": {
      "resolved": "../../node_modules/.pnpm/tinyglobby@0.2.13/node_modules/tinyglobby",
      "link": true
    },
    "../../packages/vike/node_modules/typescript": {
      "resolved": "../../node_modules/.pnpm/typescript@5.9.2/node_modules/typescript",
      "link": true
    },
    "../../packages/vike/node_modules/vite": {
      "resolved": "../../node_modules/.pnpm/vite@7.1.5_@types+node@20.17.17_terser@5.38.1_tsx@4.20.3/node_modules/vite",
      "link": true
    },
    "node_modules/@vitejs/plugin-react": {
      "resolved": "../../node_modules/.pnpm/@vitejs+plugin-react@4.7.0_vite@7.1.5_@types+node@24.3.1_terser@5.38.1_tsx@4.20.3_/node_modules/@vitejs/plugin-react",
      "link": true
    },
    "node_modules/react": {
      "resolved": "../../node_modules/.pnpm/react@18.2.0/node_modules/react",
      "link": true
    },
    "node_modules/react-dom": {
      "resolved": "../../node_modules/.pnpm/react-dom@18.2.0_react@18.2.0/node_modules/react-dom",
      "link": true
    },
    "node_modules/vike": {
      "resolved": "../../packages/vike",
      "link": true
    }
  }
}
